{
  "originHash" : "c50ce563c43b4c0aaccb3b3fa216041e86d2cbd4c78884340939a5ed3363e68b",
  "pins" : [
    {
      "identity" : "muzeiswiftapi",
      "kind" : "remoteSourceControl",
      "location" : "https://github.com/Rminsh/MuzeiSwiftAPI.git",
      "state" : {
        "revision" : "57297e4b3cf9eeefe8db9b8f896ce360bf438b5d",
        "version" : "1.0.0"
      }
    },
    {
      "identity" : "nuke",
      "kind" : "remoteSourceControl",
      "location" : "https://github.com/kean/Nuke/",
      "state" : {
        "revision" : "084076db4f9b9ee4db51177ef5a4879689c1aa09",
        "version" : "12.7.2"
      }
    },
    {
      "identity" : "richtextkit",
      "kind" : "remoteSourceControl",
      "location" : "https://github.com/danielsaidi/RichTextKit",
      "state" : {
        "revision" : "f0ecceb71ff3cb12a3143eed13b8b62fea7c34e5",
        "version" : "1.0.0"
      }
    }
  ],
  "version" : 3
}
