{
  "originHash" : "c50ce563c43b4c0aaccb3b3fa216041e86d2cbd4c78884340939a5ed3363e68b",
  "pins" : [
    {
      "identity" : "muzeiswiftapi",
      "kind" : "remoteSourceControl",
      "location" : "https://github.com/Rminsh/MuzeiSwiftAPI.git",
      "state" : {
        "revision" : "57297e4b3cf9eeefe8db9b8f896ce360bf438b5d",
        "version" : "1.0.0"
      }
    },
    {
      "identity" : "nuke",
      "kind" : "remoteSourceControl",
      "location" : "https://github.com/kean/Nuke/",
      "state" : {
        "revision" : "0ead44350d2737db384908569c012fe67c421e4d",
        "version" : "12.8.0"
      }
    },
    {
      "identity" : "richtextkit",
      "kind" : "remoteSourceControl",
      "location" : "https://github.com/danielsaidi/RichTextKit",
      "state" : {
        "revision" : "c1f94420b6f3cd5aa2aa20e916fe4f44540c9ec8",
        "version" : "1.1.1"
      }
    }
  ],
  "version" : 3
}
