// !$*UTF8*$!
{
	archiveVersion = 1;
	classes = {
	};
	objectVersion = 56;
	objects = {

/* Begin PBXBuildFile section */
		C60801C92B35936E00AEFE77 /* PoemView.swift in Sources */ = {isa = PBXBuildFile; fileRef = C60801C82B35936E00AEFE77 /* PoemView.swift */; };
		C60801CB2B3593EF00AEFE77 /* Verse.swift in Sources */ = {isa = PBXBuildFile; fileRef = C60801CA2B3593EF00AEFE77 /* Verse.swift */; };
		C60801CE2B359A5700AEFE77 /* String+Extensions.swift in Sources */ = {isa = PBXBuildFile; fileRef = C60801CD2B359A5700AEFE77 /* String+Extensions.swift */; };
		C611556D2B3A0C830058E72A /* VersesThemeView.swift in Sources */ = {isa = PBXBuildFile; fileRef = C611556C2B3A0C830058E72A /* VersesThemeView.swift */; };
		C626C8842B55C07E00D96043 /* VersesCompactView.swift in Sources */ = {isa = PBXBuildFile; fileRef = C626C8832B55C07E00D96043 /* VersesCompactView.swift */; };
		C63594122B416C5E00274A70 /* EmptyStateView.swift in Sources */ = {isa = PBXBuildFile; fileRef = C63594112B416C5E00274A70 /* EmptyStateView.swift */; };
		C6404F122B4C71810096E833 /* Panel.swift in Sources */ = {isa = PBXBuildFile; fileRef = C6404F112B4C71810096E833 /* Panel.swift */; };
		C6404F182B4C72D00096E833 /* Sidebar.swift in Sources */ = {isa = PBXBuildFile; fileRef = C6404F162B4C72CF0096E833 /* Sidebar.swift */; };
		C6404F192B4C72D00096E833 /* TabNavigation.swift in Sources */ = {isa = PBXBuildFile; fileRef = C6404F172B4C72CF0096E833 /* TabNavigation.swift */; };
		C6404F1B2B4C73370096E833 /* MainView.swift in Sources */ = {isa = PBXBuildFile; fileRef = C6404F1A2B4C73370096E833 /* MainView.swift */; };
		C645507C2B551C1F00A6D190 /* UINavigationController+Extensions.swift in Sources */ = {isa = PBXBuildFile; fileRef = C645507B2B551C1F00A6D190 /* UINavigationController+Extensions.swift */; };
		C64749C52B3C0E1100AD4807 /* EmptyState.swift in Sources */ = {isa = PBXBuildFile; fileRef = C64749C42B3C0E1100AD4807 /* EmptyState.swift */; };
		C64749C82B3C1D3C00AD4807 /* PoetsListView.swift in Sources */ = {isa = PBXBuildFile; fileRef = C64749C72B3C1D3C00AD4807 /* PoetsListView.swift */; };
		C64749CB2B3C549A00AD4807 /* SwiftUIIntrospect in Frameworks */ = {isa = PBXBuildFile; productRef = C64749CA2B3C549A00AD4807 /* SwiftUIIntrospect */; };
		C660DD4F2B57094600CEAE55 /* MuzeiSwiftAPI in Frameworks */ = {isa = PBXBuildFile; productRef = C660DD4E2B57094600CEAE55 /* MuzeiSwiftAPI */; };
		C660DD512B570DFF00CEAE55 /* ImageFetcher.swift in Sources */ = {isa = PBXBuildFile; fileRef = C660DD502B570DFF00CEAE55 /* ImageFetcher.swift */; };
		C660DD522B570DFF00CEAE55 /* ImageFetcher.swift in Sources */ = {isa = PBXBuildFile; fileRef = C660DD502B570DFF00CEAE55 /* ImageFetcher.swift */; };
		C66359E12B397C5A00F76709 /* Router.swift in Sources */ = {isa = PBXBuildFile; fileRef = C66359E02B397C5A00F76709 /* Router.swift */; };
		C66359E32B398CA200F76709 /* Poet.swift in Sources */ = {isa = PBXBuildFile; fileRef = C66359E22B398CA200F76709 /* Poet.swift */; };
		C66359E52B398CF800F76709 /* Poem.swift in Sources */ = {isa = PBXBuildFile; fileRef = C66359E42B398CF800F76709 /* Poem.swift */; };
		C66359E72B398D2900F76709 /* Category.swift in Sources */ = {isa = PBXBuildFile; fileRef = C66359E62B398D2900F76709 /* Category.swift */; };
		C67CCE642B4F377D002B358B /* RichTextKit in Frameworks */ = {isa = PBXBuildFile; platformFilters = (ios, macos, ); productRef = C67CCE632B4F377D002B358B /* RichTextKit */; };
		C67CCE662B4FDB57002B358B /* Verse+Extensions.swift in Sources */ = {isa = PBXBuildFile; fileRef = C67CCE652B4FDB57002B358B /* Verse+Extensions.swift */; };
		C67CCE672B4FDB5C002B358B /* Verse+Extensions.swift in Sources */ = {isa = PBXBuildFile; fileRef = C67CCE652B4FDB57002B358B /* Verse+Extensions.swift */; };
		C67CCE692B502863002B358B /* RichText.swift in Sources */ = {isa = PBXBuildFile; fileRef = C67CCE682B502863002B358B /* RichText.swift */; };
		C67CCE6B2B504FDD002B358B /* Types.swift in Sources */ = {isa = PBXBuildFile; fileRef = C67CCE6A2B504FDD002B358B /* Types.swift */; };
		C67CCE6C2B5050B6002B358B /* Types.swift in Sources */ = {isa = PBXBuildFile; fileRef = C67CCE6A2B504FDD002B358B /* Types.swift */; };
		C67CCE6E2B5050F1002B358B /* NSColor+Extensions.swift in Sources */ = {isa = PBXBuildFile; fileRef = C67CCE6D2B5050F1002B358B /* NSColor+Extensions.swift */; };
		C69945BD2B32E8CD008D475F /* MeikadeApp.swift in Sources */ = {isa = PBXBuildFile; fileRef = C69945BC2B32E8CD008D475F /* MeikadeApp.swift */; };
		C69945BF2B32E8CD008D475F /* ExploreView.swift in Sources */ = {isa = PBXBuildFile; fileRef = C69945BE2B32E8CD008D475F /* ExploreView.swift */; };
		C69945C12B32E8CE008D475F /* Assets.xcassets in Resources */ = {isa = PBXBuildFile; fileRef = C69945C02B32E8CE008D475F /* Assets.xcassets */; };
		C69945CE2B333895008D475F /* Explore.swift in Sources */ = {isa = PBXBuildFile; fileRef = C69945CD2B333895008D475F /* Explore.swift */; };
		C69945D62B333A3F008D475F /* HTTPContentType.swift in Sources */ = {isa = PBXBuildFile; fileRef = C69945D12B333A3F008D475F /* HTTPContentType.swift */; };
		C69945D72B333A3F008D475F /* HTTPMethod.swift in Sources */ = {isa = PBXBuildFile; fileRef = C69945D22B333A3F008D475F /* HTTPMethod.swift */; };
		C69945D82B333A3F008D475F /* HTTPClient.swift in Sources */ = {isa = PBXBuildFile; fileRef = C69945D32B333A3F008D475F /* HTTPClient.swift */; };
		C69945D92B333A3F008D475F /* RequestError.swift in Sources */ = {isa = PBXBuildFile; fileRef = C69945D42B333A3F008D475F /* RequestError.swift */; };
		C69945DA2B333A3F008D475F /* Endpoint.swift in Sources */ = {isa = PBXBuildFile; fileRef = C69945D52B333A3F008D475F /* Endpoint.swift */; };
		C69945DC2B333B5C008D475F /* MeikadeEndpoint.swift in Sources */ = {isa = PBXBuildFile; fileRef = C69945DB2B333B5C008D475F /* MeikadeEndpoint.swift */; };
		C69945DF2B333DFA008D475F /* MeikadeService.swift in Sources */ = {isa = PBXBuildFile; fileRef = C69945DE2B333DFA008D475F /* MeikadeService.swift */; };
		C69945EB2B334B26008D475F /* Nuke in Frameworks */ = {isa = PBXBuildFile; productRef = C69945EA2B334B26008D475F /* Nuke */; };
		C69945ED2B334B26008D475F /* NukeExtensions in Frameworks */ = {isa = PBXBuildFile; productRef = C69945EC2B334B26008D475F /* NukeExtensions */; };
		C69945EF2B334B26008D475F /* NukeUI in Frameworks */ = {isa = PBXBuildFile; productRef = C69945EE2B334B26008D475F /* NukeUI */; };
		C69945F52B3365F4008D475F /* ExploreItemView.swift in Sources */ = {isa = PBXBuildFile; fileRef = C69945F42B3365F4008D475F /* ExploreItemView.swift */; };
		C69945F92B336B7F008D475F /* Localizable.xcstrings in Resources */ = {isa = PBXBuildFile; fileRef = C69945F82B336B7F008D475F /* Localizable.xcstrings */; };
		C69945FC2B337042008D475F /* Vazirmatn.ttf in Resources */ = {isa = PBXBuildFile; fileRef = C69945FB2B337042008D475F /* Vazirmatn.ttf */; };
		C69946002B3370EF008D475F /* CustomFont.swift in Sources */ = {isa = PBXBuildFile; fileRef = C69945FF2B3370EF008D475F /* CustomFont.swift */; };
		C6A2E0202B41846A002256B8 /* ExploreSectionView.swift in Sources */ = {isa = PBXBuildFile; fileRef = C6A2E01F2B41846A002256B8 /* ExploreSectionView.swift */; };
		C6A3A9AA2B3AB02C002EE6CF /* Tanha.ttf in Resources */ = {isa = PBXBuildFile; fileRef = C6A3A9A92B3AB02C002EE6CF /* Tanha.ttf */; };
		C6A3A9AC2B3AB2E2002EE6CF /* Behdad.ttf in Resources */ = {isa = PBXBuildFile; fileRef = C6A3A9AB2B3AB2E2002EE6CF /* Behdad.ttf */; };
		C6A3A9AE2B3AB415002EE6CF /* Fonts.swift in Sources */ = {isa = PBXBuildFile; fileRef = C6A3A9AD2B3AB415002EE6CF /* Fonts.swift */; };
		C6A3A9B02B3AB537002EE6CF /* Mikhak.ttf in Resources */ = {isa = PBXBuildFile; fileRef = C6A3A9AF2B3AB537002EE6CF /* Mikhak.ttf */; };
		C6AA9CFC2C0481E50076A20E /* BookSelectorView.swift in Sources */ = {isa = PBXBuildFile; fileRef = C6AA9CFB2C0481E50076A20E /* BookSelectorView.swift */; };
		C6B64CC42C023FF9006E87C7 /* HapticFeedback.swift in Sources */ = {isa = PBXBuildFile; fileRef = C6B64CC32C023FF9006E87C7 /* HapticFeedback.swift */; };
		C6C034862B493D0100C6444F /* HafezFaalView.swift in Sources */ = {isa = PBXBuildFile; fileRef = C6C034852B493D0100C6444F /* HafezFaalView.swift */; };
		C6C0349C2B49525800C6444F /* ScalingButtonStyle.swift in Sources */ = {isa = PBXBuildFile; fileRef = C6C0349B2B49525800C6444F /* ScalingButtonStyle.swift */; };
		C6D739F92B49CC3B00FC23DC /* WidgetKit.framework in Frameworks */ = {isa = PBXBuildFile; fileRef = C6D739F82B49CC3B00FC23DC /* WidgetKit.framework */; };
		C6D739FB2B49CC3B00FC23DC /* SwiftUI.framework in Frameworks */ = {isa = PBXBuildFile; fileRef = C6D739FA2B49CC3B00FC23DC /* SwiftUI.framework */; };
		C6D739FE2B49CC3B00FC23DC /* WidgetsBudle.swift in Sources */ = {isa = PBXBuildFile; fileRef = C6D739FD2B49CC3B00FC23DC /* WidgetsBudle.swift */; };
		C6D73A002B49CC3B00FC23DC /* VersesWidget.swift in Sources */ = {isa = PBXBuildFile; fileRef = C6D739FF2B49CC3B00FC23DC /* VersesWidget.swift */; };
		C6D73A042B49CC3C00FC23DC /* Assets.xcassets in Resources */ = {isa = PBXBuildFile; fileRef = C6D73A032B49CC3C00FC23DC /* Assets.xcassets */; };
		C6D73A092B49CC3C00FC23DC /* MeikadeWidget.appex in Embed Foundation Extensions */ = {isa = PBXBuildFile; fileRef = C6D739F62B49CC3B00FC23DC /* MeikadeWidget.appex */; platformFilters = (ios, macos, ); settings = {ATTRIBUTES = (RemoveHeadersOnCopy, ); }; };
		C6D73A0E2B49CD0E00FC23DC /* RequestError.swift in Sources */ = {isa = PBXBuildFile; fileRef = C69945D42B333A3F008D475F /* RequestError.swift */; };
		C6D73A0F2B49CD0E00FC23DC /* HTTPClient.swift in Sources */ = {isa = PBXBuildFile; fileRef = C69945D32B333A3F008D475F /* HTTPClient.swift */; };
		C6D73A102B49CD0E00FC23DC /* HTTPContentType.swift in Sources */ = {isa = PBXBuildFile; fileRef = C69945D12B333A3F008D475F /* HTTPContentType.swift */; };
		C6D73A112B49CD0E00FC23DC /* Endpoint.swift in Sources */ = {isa = PBXBuildFile; fileRef = C69945D52B333A3F008D475F /* Endpoint.swift */; };
		C6D73A122B49CD0E00FC23DC /* HTTPMethod.swift in Sources */ = {isa = PBXBuildFile; fileRef = C69945D22B333A3F008D475F /* HTTPMethod.swift */; };
		C6D73A132B49CD1200FC23DC /* MeikadeEndpoint.swift in Sources */ = {isa = PBXBuildFile; fileRef = C69945DB2B333B5C008D475F /* MeikadeEndpoint.swift */; };
		C6D73A142B49CD1C00FC23DC /* Poem.swift in Sources */ = {isa = PBXBuildFile; fileRef = C66359E42B398CF800F76709 /* Poem.swift */; };
		C6D73A152B49CD1C00FC23DC /* Poet.swift in Sources */ = {isa = PBXBuildFile; fileRef = C66359E22B398CA200F76709 /* Poet.swift */; };
		C6D73A162B49CD1C00FC23DC /* Category.swift in Sources */ = {isa = PBXBuildFile; fileRef = C66359E62B398D2900F76709 /* Category.swift */; };
		C6D73A172B49CD1C00FC23DC /* Verse.swift in Sources */ = {isa = PBXBuildFile; fileRef = C60801CA2B3593EF00AEFE77 /* Verse.swift */; };
		C6D73A182B49CD1C00FC23DC /* Explore.swift in Sources */ = {isa = PBXBuildFile; fileRef = C69945CD2B333895008D475F /* Explore.swift */; };
		C6D73A192B49CD2000FC23DC /* MeikadeService.swift in Sources */ = {isa = PBXBuildFile; fileRef = C69945DE2B333DFA008D475F /* MeikadeService.swift */; };
		C6D73A1C2B49CEDF00FC23DC /* VersesProvider.swift in Sources */ = {isa = PBXBuildFile; fileRef = C6D73A1B2B49CEDF00FC23DC /* VersesProvider.swift */; };
		C6D73A1F2B49D47300FC23DC /* Behdad.ttf in Resources */ = {isa = PBXBuildFile; fileRef = C6A3A9AB2B3AB2E2002EE6CF /* Behdad.ttf */; };
		C6D73A202B49D47500FC23DC /* DimaShekasteh.ttf in Resources */ = {isa = PBXBuildFile; fileRef = C6E9FFD62B47F04A00759894 /* DimaShekasteh.ttf */; };
		C6D73A212B49D47500FC23DC /* Tanha.ttf in Resources */ = {isa = PBXBuildFile; fileRef = C6A3A9A92B3AB02C002EE6CF /* Tanha.ttf */; };
		C6D73A222B49D47500FC23DC /* Mikhak.ttf in Resources */ = {isa = PBXBuildFile; fileRef = C6A3A9AF2B3AB537002EE6CF /* Mikhak.ttf */; };
		C6D73A232B49D47500FC23DC /* Vazirmatn.ttf in Resources */ = {isa = PBXBuildFile; fileRef = C69945FB2B337042008D475F /* Vazirmatn.ttf */; };
		C6D73A242B49D47500FC23DC /* Shekasteh.ttf in Resources */ = {isa = PBXBuildFile; fileRef = C6E9FFD52B47F04A00759894 /* Shekasteh.ttf */; };
		C6D73A262B49D4B800FC23DC /* Fonts.swift in Sources */ = {isa = PBXBuildFile; fileRef = C6A3A9AD2B3AB415002EE6CF /* Fonts.swift */; };
		C6D73A272B49D4B800FC23DC /* CustomFont.swift in Sources */ = {isa = PBXBuildFile; fileRef = C69945FF2B3370EF008D475F /* CustomFont.swift */; };
		C6D73A2A2B49D64C00FC23DC /* Assets.xcassets in Resources */ = {isa = PBXBuildFile; fileRef = C6D73A292B49D64C00FC23DC /* Assets.xcassets */; };
		C6D73A2B2B49D64C00FC23DC /* Assets.xcassets in Resources */ = {isa = PBXBuildFile; fileRef = C6D73A292B49D64C00FC23DC /* Assets.xcassets */; };
		C6D73A2C2B49D77300FC23DC /* String+Extensions.swift in Sources */ = {isa = PBXBuildFile; fileRef = C60801CD2B359A5700AEFE77 /* String+Extensions.swift */; };
		C6E9FFD72B47F04A00759894 /* Shekasteh.ttf in Resources */ = {isa = PBXBuildFile; fileRef = C6E9FFD52B47F04A00759894 /* Shekasteh.ttf */; };
		C6E9FFD82B47F04A00759894 /* DimaShekasteh.ttf in Resources */ = {isa = PBXBuildFile; fileRef = C6E9FFD62B47F04A00759894 /* DimaShekasteh.ttf */; };
		C6F5647A2B4E97F000D2C97A /* VersesView.swift in Sources */ = {isa = PBXBuildFile; fileRef = C6F564792B4E97F000D2C97A /* VersesView.swift */; };
		C6F6DC262B3CC6B700EF1493 /* PoetView.swift in Sources */ = {isa = PBXBuildFile; fileRef = C6F6DC252B3CC6B700EF1493 /* PoetView.swift */; };
		C6FB779C2B3EB8A70053B93D /* CatrgoriesListView.swift in Sources */ = {isa = PBXBuildFile; fileRef = C6FB779B2B3EB8A70053B93D /* CatrgoriesListView.swift */; };
/* End PBXBuildFile section */

/* Begin PBXContainerItemProxy section */
		C6D73A072B49CC3C00FC23DC /* PBXContainerItemProxy */ = {
			isa = PBXContainerItemProxy;
			containerPortal = C69945B12B32E8CD008D475F /* Project object */;
			proxyType = 1;
			remoteGlobalIDString = C6D739F52B49CC3B00FC23DC;
			remoteInfo = WidgetExtension;
		};
/* End PBXContainerItemProxy section */

/* Begin PBXCopyFilesBuildPhase section */
		C6D73A0D2B49CC3C00FC23DC /* Embed Foundation Extensions */ = {
			isa = PBXCopyFilesBuildPhase;
			buildActionMask = 2147483647;
			dstPath = "";
			dstSubfolderSpec = 13;
			files = (
				C6D73A092B49CC3C00FC23DC /* MeikadeWidget.appex in Embed Foundation Extensions */,
			);
			name = "Embed Foundation Extensions";
			runOnlyForDeploymentPostprocessing = 0;
		};
/* End PBXCopyFilesBuildPhase section */

/* Begin PBXFileReference section */
		C60801C82B35936E00AEFE77 /* PoemView.swift */ = {isa = PBXFileReference; lastKnownFileType = sourcecode.swift; path = PoemView.swift; sourceTree = "<group>"; };
		C60801CA2B3593EF00AEFE77 /* Verse.swift */ = {isa = PBXFileReference; lastKnownFileType = sourcecode.swift; path = Verse.swift; sourceTree = "<group>"; };
		C60801CD2B359A5700AEFE77 /* String+Extensions.swift */ = {isa = PBXFileReference; fileEncoding = 4; lastKnownFileType = sourcecode.swift; path = "String+Extensions.swift"; sourceTree = "<group>"; };
		C611556C2B3A0C830058E72A /* VersesThemeView.swift */ = {isa = PBXFileReference; lastKnownFileType = sourcecode.swift; path = VersesThemeView.swift; sourceTree = "<group>"; };
		C626C8832B55C07E00D96043 /* VersesCompactView.swift */ = {isa = PBXFileReference; lastKnownFileType = sourcecode.swift; path = VersesCompactView.swift; sourceTree = "<group>"; };
		C63594112B416C5E00274A70 /* EmptyStateView.swift */ = {isa = PBXFileReference; lastKnownFileType = sourcecode.swift; path = EmptyStateView.swift; sourceTree = "<group>"; };
		C6404F112B4C71810096E833 /* Panel.swift */ = {isa = PBXFileReference; lastKnownFileType = sourcecode.swift; path = Panel.swift; sourceTree = "<group>"; };
		C6404F162B4C72CF0096E833 /* Sidebar.swift */ = {isa = PBXFileReference; fileEncoding = 4; lastKnownFileType = sourcecode.swift; path = Sidebar.swift; sourceTree = "<group>"; };
		C6404F172B4C72CF0096E833 /* TabNavigation.swift */ = {isa = PBXFileReference; fileEncoding = 4; lastKnownFileType = sourcecode.swift; path = TabNavigation.swift; sourceTree = "<group>"; };
		C6404F1A2B4C73370096E833 /* MainView.swift */ = {isa = PBXFileReference; fileEncoding = 4; lastKnownFileType = sourcecode.swift; path = MainView.swift; sourceTree = "<group>"; };
		C645507B2B551C1F00A6D190 /* UINavigationController+Extensions.swift */ = {isa = PBXFileReference; lastKnownFileType = sourcecode.swift; path = "UINavigationController+Extensions.swift"; sourceTree = "<group>"; };
		C64749C42B3C0E1100AD4807 /* EmptyState.swift */ = {isa = PBXFileReference; lastKnownFileType = sourcecode.swift; path = EmptyState.swift; sourceTree = "<group>"; };
		C64749C72B3C1D3C00AD4807 /* PoetsListView.swift */ = {isa = PBXFileReference; lastKnownFileType = sourcecode.swift; path = PoetsListView.swift; sourceTree = "<group>"; };
		C64F90DA2B4A948500FB6BC2 /* README.md */ = {isa = PBXFileReference; lastKnownFileType = net.daringfireball.markdown; path = README.md; sourceTree = "<group>"; };
		C660DD502B570DFF00CEAE55 /* ImageFetcher.swift */ = {isa = PBXFileReference; lastKnownFileType = sourcecode.swift; path = ImageFetcher.swift; sourceTree = "<group>"; };
		C66359E02B397C5A00F76709 /* Router.swift */ = {isa = PBXFileReference; lastKnownFileType = sourcecode.swift; path = Router.swift; sourceTree = "<group>"; };
		C66359E22B398CA200F76709 /* Poet.swift */ = {isa = PBXFileReference; lastKnownFileType = sourcecode.swift; path = Poet.swift; sourceTree = "<group>"; };
		C66359E42B398CF800F76709 /* Poem.swift */ = {isa = PBXFileReference; lastKnownFileType = sourcecode.swift; path = Poem.swift; sourceTree = "<group>"; };
		C66359E62B398D2900F76709 /* Category.swift */ = {isa = PBXFileReference; lastKnownFileType = sourcecode.swift; path = Category.swift; sourceTree = "<group>"; };
		C67CCE652B4FDB57002B358B /* Verse+Extensions.swift */ = {isa = PBXFileReference; lastKnownFileType = sourcecode.swift; path = "Verse+Extensions.swift"; sourceTree = "<group>"; };
		C67CCE682B502863002B358B /* RichText.swift */ = {isa = PBXFileReference; lastKnownFileType = sourcecode.swift; path = RichText.swift; sourceTree = "<group>"; };
		C67CCE6A2B504FDD002B358B /* Types.swift */ = {isa = PBXFileReference; lastKnownFileType = sourcecode.swift; path = Types.swift; sourceTree = "<group>"; };
		C67CCE6D2B5050F1002B358B /* NSColor+Extensions.swift */ = {isa = PBXFileReference; lastKnownFileType = sourcecode.swift; path = "NSColor+Extensions.swift"; sourceTree = "<group>"; };
		C69945B92B32E8CD008D475F /* Meikade.app */ = {isa = PBXFileReference; explicitFileType = wrapper.application; includeInIndex = 0; path = Meikade.app; sourceTree = BUILT_PRODUCTS_DIR; };
		C69945BC2B32E8CD008D475F /* MeikadeApp.swift */ = {isa = PBXFileReference; lastKnownFileType = sourcecode.swift; path = MeikadeApp.swift; sourceTree = "<group>"; };
		C69945BE2B32E8CD008D475F /* ExploreView.swift */ = {isa = PBXFileReference; lastKnownFileType = sourcecode.swift; path = ExploreView.swift; sourceTree = "<group>"; };
		C69945C02B32E8CE008D475F /* Assets.xcassets */ = {isa = PBXFileReference; lastKnownFileType = folder.assetcatalog; path = Assets.xcassets; sourceTree = "<group>"; };
		C69945C22B32E8CE008D475F /* Meikade.entitlements */ = {isa = PBXFileReference; lastKnownFileType = text.plist.entitlements; path = Meikade.entitlements; sourceTree = "<group>"; };
		C69945CD2B333895008D475F /* Explore.swift */ = {isa = PBXFileReference; lastKnownFileType = sourcecode.swift; path = Explore.swift; sourceTree = "<group>"; };
		C69945D12B333A3F008D475F /* HTTPContentType.swift */ = {isa = PBXFileReference; fileEncoding = 4; lastKnownFileType = sourcecode.swift; path = HTTPContentType.swift; sourceTree = "<group>"; };
		C69945D22B333A3F008D475F /* HTTPMethod.swift */ = {isa = PBXFileReference; fileEncoding = 4; lastKnownFileType = sourcecode.swift; path = HTTPMethod.swift; sourceTree = "<group>"; };
		C69945D32B333A3F008D475F /* HTTPClient.swift */ = {isa = PBXFileReference; fileEncoding = 4; lastKnownFileType = sourcecode.swift; path = HTTPClient.swift; sourceTree = "<group>"; };
		C69945D42B333A3F008D475F /* RequestError.swift */ = {isa = PBXFileReference; fileEncoding = 4; lastKnownFileType = sourcecode.swift; path = RequestError.swift; sourceTree = "<group>"; };
		C69945D52B333A3F008D475F /* Endpoint.swift */ = {isa = PBXFileReference; fileEncoding = 4; lastKnownFileType = sourcecode.swift; path = Endpoint.swift; sourceTree = "<group>"; };
		C69945DB2B333B5C008D475F /* MeikadeEndpoint.swift */ = {isa = PBXFileReference; lastKnownFileType = sourcecode.swift; path = MeikadeEndpoint.swift; sourceTree = "<group>"; };
		C69945DE2B333DFA008D475F /* MeikadeService.swift */ = {isa = PBXFileReference; lastKnownFileType = sourcecode.swift; path = MeikadeService.swift; sourceTree = "<group>"; };
		C69945F42B3365F4008D475F /* ExploreItemView.swift */ = {isa = PBXFileReference; lastKnownFileType = sourcecode.swift; path = ExploreItemView.swift; sourceTree = "<group>"; };
		C69945F82B336B7F008D475F /* Localizable.xcstrings */ = {isa = PBXFileReference; lastKnownFileType = text.json.xcstrings; path = Localizable.xcstrings; sourceTree = "<group>"; };
		C69945FB2B337042008D475F /* Vazirmatn.ttf */ = {isa = PBXFileReference; lastKnownFileType = file; path = Vazirmatn.ttf; sourceTree = "<group>"; };
		C69945FD2B337075008D475F /* Info.plist */ = {isa = PBXFileReference; lastKnownFileType = text.plist.xml; path = Info.plist; sourceTree = "<group>"; };
		C69945FF2B3370EF008D475F /* CustomFont.swift */ = {isa = PBXFileReference; fileEncoding = 4; lastKnownFileType = sourcecode.swift; path = CustomFont.swift; sourceTree = "<group>"; };
		C6A2E01F2B41846A002256B8 /* ExploreSectionView.swift */ = {isa = PBXFileReference; lastKnownFileType = sourcecode.swift; path = ExploreSectionView.swift; sourceTree = "<group>"; };
		C6A3A9A92B3AB02C002EE6CF /* Tanha.ttf */ = {isa = PBXFileReference; lastKnownFileType = file; path = Tanha.ttf; sourceTree = "<group>"; };
		C6A3A9AB2B3AB2E2002EE6CF /* Behdad.ttf */ = {isa = PBXFileReference; lastKnownFileType = file; path = Behdad.ttf; sourceTree = "<group>"; };
		C6A3A9AD2B3AB415002EE6CF /* Fonts.swift */ = {isa = PBXFileReference; lastKnownFileType = sourcecode.swift; path = Fonts.swift; sourceTree = "<group>"; };
		C6A3A9AF2B3AB537002EE6CF /* Mikhak.ttf */ = {isa = PBXFileReference; lastKnownFileType = file; path = Mikhak.ttf; sourceTree = "<group>"; };
		C6AA9CFB2C0481E50076A20E /* BookSelectorView.swift */ = {isa = PBXFileReference; lastKnownFileType = sourcecode.swift; path = BookSelectorView.swift; sourceTree = "<group>"; };
		C6B64CC32C023FF9006E87C7 /* HapticFeedback.swift */ = {isa = PBXFileReference; fileEncoding = 4; lastKnownFileType = sourcecode.swift; path = HapticFeedback.swift; sourceTree = "<group>"; };
		C6C034852B493D0100C6444F /* HafezFaalView.swift */ = {isa = PBXFileReference; lastKnownFileType = sourcecode.swift; path = HafezFaalView.swift; sourceTree = "<group>"; };
		C6C0349B2B49525800C6444F /* ScalingButtonStyle.swift */ = {isa = PBXFileReference; lastKnownFileType = sourcecode.swift; path = ScalingButtonStyle.swift; sourceTree = "<group>"; };
		C6D739F12B49AC4300FC23DC /* Config.xcconfig */ = {isa = PBXFileReference; lastKnownFileType = text.xcconfig; path = Config.xcconfig; sourceTree = "<group>"; };
		C6D739F62B49CC3B00FC23DC /* MeikadeWidget.appex */ = {isa = PBXFileReference; explicitFileType = "wrapper.app-extension"; includeInIndex = 0; path = MeikadeWidget.appex; sourceTree = BUILT_PRODUCTS_DIR; };
		C6D739F82B49CC3B00FC23DC /* WidgetKit.framework */ = {isa = PBXFileReference; lastKnownFileType = wrapper.framework; name = WidgetKit.framework; path = /System/Library/Frameworks/WidgetKit.framework; sourceTree = "<absolute>"; };
		C6D739FA2B49CC3B00FC23DC /* SwiftUI.framework */ = {isa = PBXFileReference; lastKnownFileType = wrapper.framework; name = SwiftUI.framework; path = /System/Library/Frameworks/SwiftUI.framework; sourceTree = "<absolute>"; };
		C6D739FD2B49CC3B00FC23DC /* WidgetsBudle.swift */ = {isa = PBXFileReference; lastKnownFileType = sourcecode.swift; path = WidgetsBudle.swift; sourceTree = "<group>"; };
		C6D739FF2B49CC3B00FC23DC /* VersesWidget.swift */ = {isa = PBXFileReference; lastKnownFileType = sourcecode.swift; path = VersesWidget.swift; sourceTree = "<group>"; };
		C6D73A032B49CC3C00FC23DC /* Assets.xcassets */ = {isa = PBXFileReference; lastKnownFileType = folder.assetcatalog; path = Assets.xcassets; sourceTree = "<group>"; };
		C6D73A052B49CC3C00FC23DC /* Info.plist */ = {isa = PBXFileReference; lastKnownFileType = text.plist.xml; path = Info.plist; sourceTree = "<group>"; };
		C6D73A062B49CC3C00FC23DC /* Widget.entitlements */ = {isa = PBXFileReference; lastKnownFileType = text.plist.entitlements; path = Widget.entitlements; sourceTree = "<group>"; };
		C6D73A1B2B49CEDF00FC23DC /* VersesProvider.swift */ = {isa = PBXFileReference; lastKnownFileType = sourcecode.swift; path = VersesProvider.swift; sourceTree = "<group>"; };
		C6D73A292B49D64C00FC23DC /* Assets.xcassets */ = {isa = PBXFileReference; lastKnownFileType = folder.assetcatalog; path = Assets.xcassets; sourceTree = "<group>"; };
		C6E9FFD52B47F04A00759894 /* Shekasteh.ttf */ = {isa = PBXFileReference; lastKnownFileType = file; path = Shekasteh.ttf; sourceTree = "<group>"; };
		C6E9FFD62B47F04A00759894 /* DimaShekasteh.ttf */ = {isa = PBXFileReference; lastKnownFileType = file; path = DimaShekasteh.ttf; sourceTree = "<group>"; };
		C6F564792B4E97F000D2C97A /* VersesView.swift */ = {isa = PBXFileReference; lastKnownFileType = sourcecode.swift; path = VersesView.swift; sourceTree = "<group>"; };
		C6F6DC252B3CC6B700EF1493 /* PoetView.swift */ = {isa = PBXFileReference; lastKnownFileType = sourcecode.swift; path = PoetView.swift; sourceTree = "<group>"; };
		C6FB779B2B3EB8A70053B93D /* CatrgoriesListView.swift */ = {isa = PBXFileReference; lastKnownFileType = sourcecode.swift; path = CatrgoriesListView.swift; sourceTree = "<group>"; };
/* End PBXFileReference section */

/* Begin PBXFrameworksBuildPhase section */
		C69945B62B32E8CD008D475F /* Frameworks */ = {
			isa = PBXFrameworksBuildPhase;
			buildActionMask = 2147483647;
			files = (
				C69945EF2B334B26008D475F /* NukeUI in Frameworks */,
				C69945EB2B334B26008D475F /* Nuke in Frameworks */,
				C69945ED2B334B26008D475F /* NukeExtensions in Frameworks */,
				C67CCE642B4F377D002B358B /* RichTextKit in Frameworks */,
				C64749CB2B3C549A00AD4807 /* SwiftUIIntrospect in Frameworks */,
			);
			runOnlyForDeploymentPostprocessing = 0;
		};
		C6D739F32B49CC3B00FC23DC /* Frameworks */ = {
			isa = PBXFrameworksBuildPhase;
			buildActionMask = 2147483647;
			files = (
				C660DD4F2B57094600CEAE55 /* MuzeiSwiftAPI in Frameworks */,
				C6D739FB2B49CC3B00FC23DC /* SwiftUI.framework in Frameworks */,
				C6D739F92B49CC3B00FC23DC /* WidgetKit.framework in Frameworks */,
			);
			runOnlyForDeploymentPostprocessing = 0;
		};
/* End PBXFrameworksBuildPhase section */

/* Begin PBXGroup section */
		C60801C72B35936400AEFE77 /* Poem */ = {
			isa = PBXGroup;
			children = (
				C6C034852B493D0100C6444F /* HafezFaalView.swift */,
				C60801C82B35936E00AEFE77 /* PoemView.swift */,
				C611556C2B3A0C830058E72A /* VersesThemeView.swift */,
			);
			path = Poem;
			sourceTree = "<group>";
		};
		C60801CC2B359A4D00AEFE77 /* Extensions */ = {
			isa = PBXGroup;
			children = (
				C60801CD2B359A5700AEFE77 /* String+Extensions.swift */,
				C67CCE652B4FDB57002B358B /* Verse+Extensions.swift */,
			);
			path = Extensions;
			sourceTree = "<group>";
		};
		C61DEAA72B34251300E8949B /* Views */ = {
			isa = PBXGroup;
			children = (
				C6797AAD2B440F8000155BE7 /* Category */,
				C69945F22B335CC7008D475F /* Explore */,
				C60801C72B35936400AEFE77 /* Poem */,
				C64749C62B3C1D2D00AD4807 /* Poet */,
			);
			path = Views;
			sourceTree = "<group>";
		};
		C63594102B416C5100274A70 /* EmptyState */ = {
			isa = PBXGroup;
			children = (
				C64749C42B3C0E1100AD4807 /* EmptyState.swift */,
				C63594112B416C5E00274A70 /* EmptyStateView.swift */,
			);
			path = EmptyState;
			sourceTree = "<group>";
		};
		C645507A2B551C0A00A6D190 /* Extensions */ = {
			isa = PBXGroup;
			children = (
				C67CCE6D2B5050F1002B358B /* NSColor+Extensions.swift */,
				C645507B2B551C1F00A6D190 /* UINavigationController+Extensions.swift */,
			);
			path = Extensions;
			sourceTree = "<group>";
		};
		C64749C62B3C1D2D00AD4807 /* Poet */ = {
			isa = PBXGroup;
			children = (
				C64749C72B3C1D3C00AD4807 /* PoetsListView.swift */,
				C6F6DC252B3CC6B700EF1493 /* PoetView.swift */,
			);
			path = Poet;
			sourceTree = "<group>";
		};
		C66359DF2B397B6A00F76709 /* Navigation */ = {
			isa = PBXGroup;
			children = (
				C6404F1A2B4C73370096E833 /* MainView.swift */,
				C6404F112B4C71810096E833 /* Panel.swift */,
				C66359E02B397C5A00F76709 /* Router.swift */,
				C6404F162B4C72CF0096E833 /* Sidebar.swift */,
				C6404F172B4C72CF0096E833 /* TabNavigation.swift */,
			);
			path = Navigation;
			sourceTree = "<group>";
		};
		C6797AAD2B440F8000155BE7 /* Category */ = {
			isa = PBXGroup;
			children = (
				C6FB779B2B3EB8A70053B93D /* CatrgoriesListView.swift */,
			);
			path = Category;
			sourceTree = "<group>";
		};
		C69945B02B32E8CD008D475F = {
			isa = PBXGroup;
			children = (
				C64F90DA2B4A948500FB6BC2 /* README.md */,
				C6D739F12B49AC4300FC23DC /* Config.xcconfig */,
				C69945BB2B32E8CD008D475F /* App */,
				C69945CB2B333875008D475F /* Networking */,
				C6D73A1D2B49D44600FC23DC /* Shared */,
				C6D739FC2B49CC3B00FC23DC /* Widget */,
				C6D739F72B49CC3B00FC23DC /* Frameworks */,
				C69945BA2B32E8CD008D475F /* Products */,
			);
			sourceTree = "<group>";
		};
		C69945BA2B32E8CD008D475F /* Products */ = {
			isa = PBXGroup;
			children = (
				C69945B92B32E8CD008D475F /* Meikade.app */,
				C6D739F62B49CC3B00FC23DC /* MeikadeWidget.appex */,
			);
			name = Products;
			sourceTree = "<group>";
		};
		C69945BB2B32E8CD008D475F /* App */ = {
			isa = PBXGroup;
			children = (
				C63594102B416C5100274A70 /* EmptyState */,
				C645507A2B551C0A00A6D190 /* Extensions */,
				C69945FE2B3370E6008D475F /* General */,
				C66359DF2B397B6A00F76709 /* Navigation */,
				C69945F32B335CCE008D475F /* Resources */,
				C61DEAA72B34251300E8949B /* Views */,
				C69945BC2B32E8CD008D475F /* MeikadeApp.swift */,
			);
			path = App;
			sourceTree = "<group>";
		};
		C69945CB2B333875008D475F /* Networking */ = {
			isa = PBXGroup;
			children = (
				C69945D02B333A3F008D475F /* Base */,
				C69945CF2B333A2B008D475F /* Endpoints */,
				C69945CC2B33387D008D475F /* Models */,
				C69945DD2B333D55008D475F /* Services */,
			);
			path = Networking;
			sourceTree = "<group>";
		};
		C69945CC2B33387D008D475F /* Models */ = {
			isa = PBXGroup;
			children = (
				C66359E62B398D2900F76709 /* Category.swift */,
				C69945CD2B333895008D475F /* Explore.swift */,
				C66359E42B398CF800F76709 /* Poem.swift */,
				C66359E22B398CA200F76709 /* Poet.swift */,
				C60801CA2B3593EF00AEFE77 /* Verse.swift */,
			);
			path = Models;
			sourceTree = "<group>";
		};
		C69945CF2B333A2B008D475F /* Endpoints */ = {
			isa = PBXGroup;
			children = (
				C69945DB2B333B5C008D475F /* MeikadeEndpoint.swift */,
			);
			path = Endpoints;
			sourceTree = "<group>";
		};
		C69945D02B333A3F008D475F /* Base */ = {
			isa = PBXGroup;
			children = (
				C69945D52B333A3F008D475F /* Endpoint.swift */,
				C69945D32B333A3F008D475F /* HTTPClient.swift */,
				C69945D12B333A3F008D475F /* HTTPContentType.swift */,
				C69945D22B333A3F008D475F /* HTTPMethod.swift */,
				C69945D42B333A3F008D475F /* RequestError.swift */,
			);
			path = Base;
			sourceTree = "<group>";
		};
		C69945DD2B333D55008D475F /* Services */ = {
			isa = PBXGroup;
			children = (
				C69945DE2B333DFA008D475F /* MeikadeService.swift */,
			);
			path = Services;
			sourceTree = "<group>";
		};
		C69945F22B335CC7008D475F /* Explore */ = {
			isa = PBXGroup;
			children = (
				C69945F42B3365F4008D475F /* ExploreItemView.swift */,
				C6A2E01F2B41846A002256B8 /* ExploreSectionView.swift */,
				C69945BE2B32E8CD008D475F /* ExploreView.swift */,
			);
			path = Explore;
			sourceTree = "<group>";
		};
		C69945F32B335CCE008D475F /* Resources */ = {
			isa = PBXGroup;
			children = (
				C69945C02B32E8CE008D475F /* Assets.xcassets */,
				C69945FD2B337075008D475F /* Info.plist */,
				C69945C22B32E8CE008D475F /* Meikade.entitlements */,
				C69945F82B336B7F008D475F /* Localizable.xcstrings */,
			);
			path = Resources;
			sourceTree = "<group>";
		};
		C69945FA2B33703A008D475F /* Fonts */ = {
			isa = PBXGroup;
			children = (
				C6A3A9AB2B3AB2E2002EE6CF /* Behdad.ttf */,
				C6E9FFD62B47F04A00759894 /* DimaShekasteh.ttf */,
				C6A3A9AF2B3AB537002EE6CF /* Mikhak.ttf */,
				C6E9FFD52B47F04A00759894 /* Shekasteh.ttf */,
				C6A3A9A92B3AB02C002EE6CF /* Tanha.ttf */,
				C69945FB2B337042008D475F /* Vazirmatn.ttf */,
			);
			path = Fonts;
			sourceTree = "<group>";
		};
		C69945FE2B3370E6008D475F /* General */ = {
			isa = PBXGroup;
			children = (
				C6AA9CFB2C0481E50076A20E /* BookSelectorView.swift */,
				C6B64CC32C023FF9006E87C7 /* HapticFeedback.swift */,
				C67CCE682B502863002B358B /* RichText.swift */,
				C6C0349B2B49525800C6444F /* ScalingButtonStyle.swift */,
			);
			path = General;
			sourceTree = "<group>";
		};
		C6D739F72B49CC3B00FC23DC /* Frameworks */ = {
			isa = PBXGroup;
			children = (
				C6D739F82B49CC3B00FC23DC /* WidgetKit.framework */,
				C6D739FA2B49CC3B00FC23DC /* SwiftUI.framework */,
			);
			name = Frameworks;
			sourceTree = "<group>";
		};
		C6D739FC2B49CC3B00FC23DC /* Widget */ = {
			isa = PBXGroup;
			children = (
				C6D73A1A2B49CDFC00FC23DC /* Resources */,
				C6D73A282B49D4DC00FC23DC /* VersesWidget */,
				C6D739FD2B49CC3B00FC23DC /* WidgetsBudle.swift */,
			);
			path = Widget;
			sourceTree = "<group>";
		};
		C6D73A1A2B49CDFC00FC23DC /* Resources */ = {
			isa = PBXGroup;
			children = (
				C6D73A032B49CC3C00FC23DC /* Assets.xcassets */,
				C6D73A052B49CC3C00FC23DC /* Info.plist */,
				C6D73A062B49CC3C00FC23DC /* Widget.entitlements */,
			);
			path = Resources;
			sourceTree = "<group>";
		};
		C6D73A1D2B49D44600FC23DC /* Shared */ = {
			isa = PBXGroup;
			children = (
				C60801CC2B359A4D00AEFE77 /* Extensions */,
				C6D73A252B49D4AA00FC23DC /* General */,
				C6D73A1E2B49D45700FC23DC /* Resources */,
			);
			path = Shared;
			sourceTree = "<group>";
		};
		C6D73A1E2B49D45700FC23DC /* Resources */ = {
			isa = PBXGroup;
			children = (
				C69945FA2B33703A008D475F /* Fonts */,
				C6D73A292B49D64C00FC23DC /* Assets.xcassets */,
			);
			path = Resources;
			sourceTree = "<group>";
		};
		C6D73A252B49D4AA00FC23DC /* General */ = {
			isa = PBXGroup;
			children = (
				C69945FF2B3370EF008D475F /* CustomFont.swift */,
				C6A3A9AD2B3AB415002EE6CF /* Fonts.swift */,
				C660DD502B570DFF00CEAE55 /* ImageFetcher.swift */,
				C67CCE6A2B504FDD002B358B /* Types.swift */,
			);
			path = General;
			sourceTree = "<group>";
		};
		C6D73A282B49D4DC00FC23DC /* VersesWidget */ = {
			isa = PBXGroup;
			children = (
				C626C8832B55C07E00D96043 /* VersesCompactView.swift */,
				C6D73A1B2B49CEDF00FC23DC /* VersesProvider.swift */,
				C6F564792B4E97F000D2C97A /* VersesView.swift */,
				C6D739FF2B49CC3B00FC23DC /* VersesWidget.swift */,
			);
			path = VersesWidget;
			sourceTree = "<group>";
		};
/* End PBXGroup section */

/* Begin PBXNativeTarget section */
		C69945B82B32E8CD008D475F /* Meikade */ = {
			isa = PBXNativeTarget;
			buildConfigurationList = C69945C82B32E8CE008D475F /* Build configuration list for PBXNativeTarget "Meikade" */;
			buildPhases = (
				C69945B52B32E8CD008D475F /* Sources */,
				C69945B62B32E8CD008D475F /* Frameworks */,
				C69945B72B32E8CD008D475F /* Resources */,
				C6D73A0D2B49CC3C00FC23DC /* Embed Foundation Extensions */,
			);
			buildRules = (
			);
			dependencies = (
				C6D73A082B49CC3C00FC23DC /* PBXTargetDependency */,
			);
			name = Meikade;
			packageProductDependencies = (
				C69945EA2B334B26008D475F /* Nuke */,
				C69945EC2B334B26008D475F /* NukeExtensions */,
				C69945EE2B334B26008D475F /* NukeUI */,
				C64749CA2B3C549A00AD4807 /* SwiftUIIntrospect */,
				C67CCE632B4F377D002B358B /* RichTextKit */,
			);
			productName = Meikade;
			productReference = C69945B92B32E8CD008D475F /* Meikade.app */;
			productType = "com.apple.product-type.application";
		};
		C6D739F52B49CC3B00FC23DC /* WidgetExtension */ = {
			isa = PBXNativeTarget;
			buildConfigurationList = C6D73A0A2B49CC3C00FC23DC /* Build configuration list for PBXNativeTarget "WidgetExtension" */;
			buildPhases = (
				C6D739F22B49CC3B00FC23DC /* Sources */,
				C6D739F32B49CC3B00FC23DC /* Frameworks */,
				C6D739F42B49CC3B00FC23DC /* Resources */,
			);
			buildRules = (
			);
			dependencies = (
			);
			name = WidgetExtension;
			packageProductDependencies = (
				C660DD4E2B57094600CEAE55 /* MuzeiSwiftAPI */,
			);
			productName = WidgetExtension;
			productReference = C6D739F62B49CC3B00FC23DC /* MeikadeWidget.appex */;
			productType = "com.apple.product-type.app-extension";
		};
/* End PBXNativeTarget section */

/* Begin PBXProject section */
		C69945B12B32E8CD008D475F /* Project object */ = {
			isa = PBXProject;
			attributes = {
				BuildIndependentTargetsInParallel = 1;
				LastSwiftUpdateCheck = 1520;
				LastUpgradeCheck = 1530;
				TargetAttributes = {
					C69945B82B32E8CD008D475F = {
						CreatedOnToolsVersion = 15.2;
					};
					C6D739F52B49CC3B00FC23DC = {
						CreatedOnToolsVersion = 15.2;
					};
				};
			};
			buildConfigurationList = C69945B42B32E8CD008D475F /* Build configuration list for PBXProject "Meikade" */;
			compatibilityVersion = "Xcode 14.0";
			developmentRegion = en;
			hasScannedForEncodings = 0;
			knownRegions = (
				en,
				Base,
				fa,
			);
			mainGroup = C69945B02B32E8CD008D475F;
			packageReferences = (
				C69945E92B334B26008D475F /* XCRemoteSwiftPackageReference "Nuke" */,
				C64749C92B3C549A00AD4807 /* XCRemoteSwiftPackageReference "SwiftUI-Introspect" */,
				C67CCE622B4F377D002B358B /* XCRemoteSwiftPackageReference "RichTextKit" */,
				C660DD4D2B57094600CEAE55 /* XCRemoteSwiftPackageReference "MuzeiSwiftAPI" */,
			);
			productRefGroup = C69945BA2B32E8CD008D475F /* Products */;
			projectDirPath = "";
			projectRoot = "";
			targets = (
				C69945B82B32E8CD008D475F /* Meikade */,
				C6D739F52B49CC3B00FC23DC /* WidgetExtension */,
			);
		};
/* End PBXProject section */

/* Begin PBXResourcesBuildPhase section */
		C69945B72B32E8CD008D475F /* Resources */ = {
			isa = PBXResourcesBuildPhase;
			buildActionMask = 2147483647;
			files = (
				C6E9FFD82B47F04A00759894 /* DimaShekasteh.ttf in Resources */,
				C69945FC2B337042008D475F /* Vazirmatn.ttf in Resources */,
				C6A3A9AA2B3AB02C002EE6CF /* Tanha.ttf in Resources */,
				C6A3A9B02B3AB537002EE6CF /* Mikhak.ttf in Resources */,
				C6A3A9AC2B3AB2E2002EE6CF /* Behdad.ttf in Resources */,
				C69945F92B336B7F008D475F /* Localizable.xcstrings in Resources */,
				C69945C12B32E8CE008D475F /* Assets.xcassets in Resources */,
				C6D73A2A2B49D64C00FC23DC /* Assets.xcassets in Resources */,
				C6E9FFD72B47F04A00759894 /* Shekasteh.ttf in Resources */,
			);
			runOnlyForDeploymentPostprocessing = 0;
		};
		C6D739F42B49CC3B00FC23DC /* Resources */ = {
			isa = PBXResourcesBuildPhase;
			buildActionMask = 2147483647;
			files = (
				C6D73A1F2B49D47300FC23DC /* Behdad.ttf in Resources */,
				C6D73A212B49D47500FC23DC /* Tanha.ttf in Resources */,
				C6D73A202B49D47500FC23DC /* DimaShekasteh.ttf in Resources */,
				C6D73A232B49D47500FC23DC /* Vazirmatn.ttf in Resources */,
				C6D73A042B49CC3C00FC23DC /* Assets.xcassets in Resources */,
				C6D73A222B49D47500FC23DC /* Mikhak.ttf in Resources */,
				C6D73A2B2B49D64C00FC23DC /* Assets.xcassets in Resources */,
				C6D73A242B49D47500FC23DC /* Shekasteh.ttf in Resources */,
			);
			runOnlyForDeploymentPostprocessing = 0;
		};
/* End PBXResourcesBuildPhase section */

/* Begin PBXSourcesBuildPhase section */
		C69945B52B32E8CD008D475F /* Sources */ = {
			isa = PBXSourcesBuildPhase;
			buildActionMask = 2147483647;
			files = (
				C64749C52B3C0E1100AD4807 /* EmptyState.swift in Sources */,
				C69945D92B333A3F008D475F /* RequestError.swift in Sources */,
				C60801C92B35936E00AEFE77 /* PoemView.swift in Sources */,
				C69945F52B3365F4008D475F /* ExploreItemView.swift in Sources */,
				C6F6DC262B3CC6B700EF1493 /* PoetView.swift in Sources */,
				C6404F122B4C71810096E833 /* Panel.swift in Sources */,
				C69945BF2B32E8CD008D475F /* ExploreView.swift in Sources */,
				C60801CE2B359A5700AEFE77 /* String+Extensions.swift in Sources */,
				C6C0349C2B49525800C6444F /* ScalingButtonStyle.swift in Sources */,
				C611556D2B3A0C830058E72A /* VersesThemeView.swift in Sources */,
				C69946002B3370EF008D475F /* CustomFont.swift in Sources */,
				C67CCE662B4FDB57002B358B /* Verse+Extensions.swift in Sources */,
				C6B64CC42C023FF9006E87C7 /* HapticFeedback.swift in Sources */,
				C645507C2B551C1F00A6D190 /* UINavigationController+Extensions.swift in Sources */,
				C69945DA2B333A3F008D475F /* Endpoint.swift in Sources */,
				C6A3A9AE2B3AB415002EE6CF /* Fonts.swift in Sources */,
				C6404F182B4C72D00096E833 /* Sidebar.swift in Sources */,
				C60801CB2B3593EF00AEFE77 /* Verse.swift in Sources */,
				C67CCE692B502863002B358B /* RichText.swift in Sources */,
				C69945D62B333A3F008D475F /* HTTPContentType.swift in Sources */,
				C6FB779C2B3EB8A70053B93D /* CatrgoriesListView.swift in Sources */,
				C660DD512B570DFF00CEAE55 /* ImageFetcher.swift in Sources */,
				C6A2E0202B41846A002256B8 /* ExploreSectionView.swift in Sources */,
				C69945D82B333A3F008D475F /* HTTPClient.swift in Sources */,
				C66359E12B397C5A00F76709 /* Router.swift in Sources */,
				C67CCE6E2B5050F1002B358B /* NSColor+Extensions.swift in Sources */,
				C66359E72B398D2900F76709 /* Category.swift in Sources */,
				C6AA9CFC2C0481E50076A20E /* BookSelectorView.swift in Sources */,
				C69945BD2B32E8CD008D475F /* MeikadeApp.swift in Sources */,
				C6404F192B4C72D00096E833 /* TabNavigation.swift in Sources */,
				C63594122B416C5E00274A70 /* EmptyStateView.swift in Sources */,
				C64749C82B3C1D3C00AD4807 /* PoetsListView.swift in Sources */,
				C69945DC2B333B5C008D475F /* MeikadeEndpoint.swift in Sources */,
				C67CCE6B2B504FDD002B358B /* Types.swift in Sources */,
				C66359E32B398CA200F76709 /* Poet.swift in Sources */,
				C66359E52B398CF800F76709 /* Poem.swift in Sources */,
				C69945D72B333A3F008D475F /* HTTPMethod.swift in Sources */,
				C6404F1B2B4C73370096E833 /* MainView.swift in Sources */,
				C69945DF2B333DFA008D475F /* MeikadeService.swift in Sources */,
				C6C034862B493D0100C6444F /* HafezFaalView.swift in Sources */,
				C69945CE2B333895008D475F /* Explore.swift in Sources */,
			);
			runOnlyForDeploymentPostprocessing = 0;
		};
		C6D739F22B49CC3B00FC23DC /* Sources */ = {
			isa = PBXSourcesBuildPhase;
			buildActionMask = 2147483647;
			files = (
				C6D73A262B49D4B800FC23DC /* Fonts.swift in Sources */,
				C67CCE672B4FDB5C002B358B /* Verse+Extensions.swift in Sources */,
				C6D73A142B49CD1C00FC23DC /* Poem.swift in Sources */,
				C67CCE6C2B5050B6002B358B /* Types.swift in Sources */,
				C6D73A272B49D4B800FC23DC /* CustomFont.swift in Sources */,
				C6D73A112B49CD0E00FC23DC /* Endpoint.swift in Sources */,
				C6D73A2C2B49D77300FC23DC /* String+Extensions.swift in Sources */,
				C6D73A172B49CD1C00FC23DC /* Verse.swift in Sources */,
				C6D73A0E2B49CD0E00FC23DC /* RequestError.swift in Sources */,
				C6D73A1C2B49CEDF00FC23DC /* VersesProvider.swift in Sources */,
				C6D73A102B49CD0E00FC23DC /* HTTPContentType.swift in Sources */,
				C6D73A182B49CD1C00FC23DC /* Explore.swift in Sources */,
				C660DD522B570DFF00CEAE55 /* ImageFetcher.swift in Sources */,
				C6F5647A2B4E97F000D2C97A /* VersesView.swift in Sources */,
				C6D73A0F2B49CD0E00FC23DC /* HTTPClient.swift in Sources */,
				C6D73A152B49CD1C00FC23DC /* Poet.swift in Sources */,
				C6D73A192B49CD2000FC23DC /* MeikadeService.swift in Sources */,
				C6D73A122B49CD0E00FC23DC /* HTTPMethod.swift in Sources */,
				C6D73A132B49CD1200FC23DC /* MeikadeEndpoint.swift in Sources */,
				C626C8842B55C07E00D96043 /* VersesCompactView.swift in Sources */,
				C6D739FE2B49CC3B00FC23DC /* WidgetsBudle.swift in Sources */,
				C6D73A002B49CC3B00FC23DC /* VersesWidget.swift in Sources */,
				C6D73A162B49CD1C00FC23DC /* Category.swift in Sources */,
			);
			runOnlyForDeploymentPostprocessing = 0;
		};
/* End PBXSourcesBuildPhase section */

/* Begin PBXTargetDependency section */
		C6D73A082B49CC3C00FC23DC /* PBXTargetDependency */ = {
			isa = PBXTargetDependency;
			platformFilters = (
				ios,
				macos,
			);
			target = C6D739F52B49CC3B00FC23DC /* WidgetExtension */;
			targetProxy = C6D73A072B49CC3C00FC23DC /* PBXContainerItemProxy */;
		};
/* End PBXTargetDependency section */

/* Begin XCBuildConfiguration section */
		C69945C62B32E8CE008D475F /* Debug */ = {
			isa = XCBuildConfiguration;
			baseConfigurationReference = C6D739F12B49AC4300FC23DC /* Config.xcconfig */;
			buildSettings = {
				ALWAYS_SEARCH_USER_PATHS = NO;
				ASSETCATALOG_COMPILER_GENERATE_SWIFT_ASSET_SYMBOL_EXTENSIONS = YES;
				CLANG_ANALYZER_LOCALIZABILITY_NONLOCALIZED = YES;
				CLANG_ANALYZER_NONNULL = YES;
				CLANG_ANALYZER_NUMBER_OBJECT_CONVERSION = YES_AGGRESSIVE;
				CLANG_CXX_LANGUAGE_STANDARD = "gnu++20";
				CLANG_ENABLE_MODULES = YES;
				CLANG_ENABLE_OBJC_ARC = YES;
				CLANG_ENABLE_OBJC_WEAK = YES;
				CLANG_WARN_BLOCK_CAPTURE_AUTORELEASING = YES;
				CLANG_WARN_BOOL_CONVERSION = YES;
				CLANG_WARN_COMMA = YES;
				CLANG_WARN_CONSTANT_CONVERSION = YES;
				CLANG_WARN_DEPRECATED_OBJC_IMPLEMENTATIONS = YES;
				CLANG_WARN_DIRECT_OBJC_ISA_USAGE = YES_ERROR;
				CLANG_WARN_DOCUMENTATION_COMMENTS = YES;
				CLANG_WARN_EMPTY_BODY = YES;
				CLANG_WARN_ENUM_CONVERSION = YES;
				CLANG_WARN_INFINITE_RECURSION = YES;
				CLANG_WARN_INT_CONVERSION = YES;
				CLANG_WARN_NON_LITERAL_NULL_CONVERSION = YES;
				CLANG_WARN_OBJC_IMPLICIT_RETAIN_SELF = YES;
				CLANG_WARN_OBJC_LITERAL_CONVERSION = YES;
				CLANG_WARN_OBJC_ROOT_CLASS = YES_ERROR;
				CLANG_WARN_QUOTED_INCLUDE_IN_FRAMEWORK_HEADER = YES;
				CLANG_WARN_RANGE_LOOP_ANALYSIS = YES;
				CLANG_WARN_STRICT_PROTOTYPES = YES;
				CLANG_WARN_SUSPICIOUS_MOVE = YES;
				CLANG_WARN_UNGUARDED_AVAILABILITY = YES_AGGRESSIVE;
				CLANG_WARN_UNREACHABLE_CODE = YES;
				CLANG_WARN__DUPLICATE_METHOD_MATCH = YES;
				COPY_PHASE_STRIP = NO;
				DEAD_CODE_STRIPPING = YES;
				DEBUG_INFORMATION_FORMAT = dwarf;
				ENABLE_STRICT_OBJC_MSGSEND = YES;
				ENABLE_TESTABILITY = YES;
				ENABLE_USER_SCRIPT_SANDBOXING = YES;
				GCC_C_LANGUAGE_STANDARD = gnu17;
				GCC_DYNAMIC_NO_PIC = NO;
				GCC_NO_COMMON_BLOCKS = YES;
				GCC_OPTIMIZATION_LEVEL = 0;
				GCC_PREPROCESSOR_DEFINITIONS = (
					"DEBUG=1",
					"$(inherited)",
				);
				GCC_WARN_64_TO_32_BIT_CONVERSION = YES;
				GCC_WARN_ABOUT_RETURN_TYPE = YES_ERROR;
				GCC_WARN_UNDECLARED_SELECTOR = YES;
				GCC_WARN_UNINITIALIZED_AUTOS = YES_AGGRESSIVE;
				GCC_WARN_UNUSED_FUNCTION = YES;
				GCC_WARN_UNUSED_VARIABLE = YES;
				LOCALIZATION_PREFERS_STRING_CATALOGS = YES;
				MTL_ENABLE_DEBUG_INFO = INCLUDE_SOURCE;
				MTL_FAST_MATH = YES;
				ONLY_ACTIVE_ARCH = YES;
				SWIFT_ACTIVE_COMPILATION_CONDITIONS = "DEBUG $(inherited)";
				SWIFT_OPTIMIZATION_LEVEL = "-Onone";
			};
			name = Debug;
		};
		C69945C72B32E8CE008D475F /* Release */ = {
			isa = XCBuildConfiguration;
			baseConfigurationReference = C6D739F12B49AC4300FC23DC /* Config.xcconfig */;
			buildSettings = {
				ALWAYS_SEARCH_USER_PATHS = NO;
				ASSETCATALOG_COMPILER_GENERATE_SWIFT_ASSET_SYMBOL_EXTENSIONS = YES;
				CLANG_ANALYZER_LOCALIZABILITY_NONLOCALIZED = YES;
				CLANG_ANALYZER_NONNULL = YES;
				CLANG_ANALYZER_NUMBER_OBJECT_CONVERSION = YES_AGGRESSIVE;
				CLANG_CXX_LANGUAGE_STANDARD = "gnu++20";
				CLANG_ENABLE_MODULES = YES;
				CLANG_ENABLE_OBJC_ARC = YES;
				CLANG_ENABLE_OBJC_WEAK = YES;
				CLANG_WARN_BLOCK_CAPTURE_AUTORELEASING = YES;
				CLANG_WARN_BOOL_CONVERSION = YES;
				CLANG_WARN_COMMA = YES;
				CLANG_WARN_CONSTANT_CONVERSION = YES;
				CLANG_WARN_DEPRECATED_OBJC_IMPLEMENTATIONS = YES;
				CLANG_WARN_DIRECT_OBJC_ISA_USAGE = YES_ERROR;
				CLANG_WARN_DOCUMENTATION_COMMENTS = YES;
				CLANG_WARN_EMPTY_BODY = YES;
				CLANG_WARN_ENUM_CONVERSION = YES;
				CLANG_WARN_INFINITE_RECURSION = YES;
				CLANG_WARN_INT_CONVERSION = YES;
				CLANG_WARN_NON_LITERAL_NULL_CONVERSION = YES;
				CLANG_WARN_OBJC_IMPLICIT_RETAIN_SELF = YES;
				CLANG_WARN_OBJC_LITERAL_CONVERSION = YES;
				CLANG_WARN_OBJC_ROOT_CLASS = YES_ERROR;
				CLANG_WARN_QUOTED_INCLUDE_IN_FRAMEWORK_HEADER = YES;
				CLANG_WARN_RANGE_LOOP_ANALYSIS = YES;
				CLANG_WARN_STRICT_PROTOTYPES = YES;
				CLANG_WARN_SUSPICIOUS_MOVE = YES;
				CLANG_WARN_UNGUARDED_AVAILABILITY = YES_AGGRESSIVE;
				CLANG_WARN_UNREACHABLE_CODE = YES;
				CLANG_WARN__DUPLICATE_METHOD_MATCH = YES;
				COPY_PHASE_STRIP = NO;
				DEAD_CODE_STRIPPING = YES;
				DEBUG_INFORMATION_FORMAT = "dwarf-with-dsym";
				ENABLE_NS_ASSERTIONS = NO;
				ENABLE_STRICT_OBJC_MSGSEND = YES;
				ENABLE_USER_SCRIPT_SANDBOXING = YES;
				GCC_C_LANGUAGE_STANDARD = gnu17;
				GCC_NO_COMMON_BLOCKS = YES;
				GCC_WARN_64_TO_32_BIT_CONVERSION = YES;
				GCC_WARN_ABOUT_RETURN_TYPE = YES_ERROR;
				GCC_WARN_UNDECLARED_SELECTOR = YES;
				GCC_WARN_UNINITIALIZED_AUTOS = YES_AGGRESSIVE;
				GCC_WARN_UNUSED_FUNCTION = YES;
				GCC_WARN_UNUSED_VARIABLE = YES;
				LOCALIZATION_PREFERS_STRING_CATALOGS = YES;
				MTL_ENABLE_DEBUG_INFO = NO;
				MTL_FAST_MATH = YES;
				SWIFT_COMPILATION_MODE = wholemodule;
			};
			name = Release;
		};
		C69945C92B32E8CE008D475F /* Debug */ = {
			isa = XCBuildConfiguration;
			baseConfigurationReference = C6D739F12B49AC4300FC23DC /* Config.xcconfig */;
			buildSettings = {
				ALWAYS_EMBED_SWIFT_STANDARD_LIBRARIES = YES;
				ASSETCATALOG_COMPILER_APPICON_NAME = AppIcon;
				ASSETCATALOG_COMPILER_GLOBAL_ACCENT_COLOR_NAME = AccentColor;
				CODE_SIGN_ENTITLEMENTS = App/Resources/Meikade.entitlements;
				CODE_SIGN_STYLE = Automatic;
				CURRENT_PROJECT_VERSION = "$(CONFIG_APP_BUNDLE_VERSION)";
				DEAD_CODE_STRIPPING = YES;
				DEVELOPMENT_TEAM = "$(CONFIG_DEV_TEAM)";
				ENABLE_PREVIEWS = YES;
				GENERATE_INFOPLIST_FILE = YES;
				INFOPLIST_FILE = App/Resources/Info.plist;
				INFOPLIST_KEY_LSApplicationCategoryType = "public.app-category.books";
				"INFOPLIST_KEY_UIApplicationSceneManifest_Generation[sdk=iphoneos*]" = YES;
				"INFOPLIST_KEY_UIApplicationSceneManifest_Generation[sdk=iphonesimulator*]" = YES;
				"INFOPLIST_KEY_UIApplicationSupportsIndirectInputEvents[sdk=iphoneos*]" = YES;
				"INFOPLIST_KEY_UIApplicationSupportsIndirectInputEvents[sdk=iphonesimulator*]" = YES;
				"INFOPLIST_KEY_UILaunchScreen_Generation[sdk=iphoneos*]" = YES;
				"INFOPLIST_KEY_UILaunchScreen_Generation[sdk=iphonesimulator*]" = YES;
				"INFOPLIST_KEY_UIStatusBarStyle[sdk=iphoneos*]" = UIStatusBarStyleDefault;
				"INFOPLIST_KEY_UIStatusBarStyle[sdk=iphonesimulator*]" = UIStatusBarStyleDefault;
				INFOPLIST_KEY_UISupportedInterfaceOrientations = UIInterfaceOrientationPortrait;
				INFOPLIST_KEY_UISupportedInterfaceOrientations_iPad = "UIInterfaceOrientationLandscapeLeft UIInterfaceOrientationLandscapeRight UIInterfaceOrientationPortrait UIInterfaceOrientationPortraitUpsideDown";
				IPHONEOS_DEPLOYMENT_TARGET = 16.0;
				LD_RUNPATH_SEARCH_PATHS = "@executable_path/Frameworks";
				"LD_RUNPATH_SEARCH_PATHS[sdk=macosx*]" = "@executable_path/../Frameworks";
				MACOSX_DEPLOYMENT_TARGET = 13.0;
				MARKETING_VERSION = "$(CONFIG_APP_VERSION)";
				PRODUCT_BUNDLE_IDENTIFIER = "$(CONFIG_BUNDLE_ID)";
				PRODUCT_NAME = "$(CONFIG_APP_NAME)";
				SDKROOT = auto;
				SUPPORTED_PLATFORMS = "iphoneos iphonesimulator macosx xros xrsimulator";
				SUPPORTS_MACCATALYST = NO;
				SWIFT_EMIT_LOC_STRINGS = YES;
				SWIFT_VERSION = 5.0;
				TARGETED_DEVICE_FAMILY = "1,2,7";
				XROS_DEPLOYMENT_TARGET = 1.0;
			};
			name = Debug;
		};
		C69945CA2B32E8CE008D475F /* Release */ = {
			isa = XCBuildConfiguration;
			baseConfigurationReference = C6D739F12B49AC4300FC23DC /* Config.xcconfig */;
			buildSettings = {
				ALWAYS_EMBED_SWIFT_STANDARD_LIBRARIES = YES;
				ASSETCATALOG_COMPILER_APPICON_NAME = AppIcon;
				ASSETCATALOG_COMPILER_GLOBAL_ACCENT_COLOR_NAME = AccentColor;
				CODE_SIGN_ENTITLEMENTS = App/Resources/Meikade.entitlements;
				CODE_SIGN_STYLE = Automatic;
				CURRENT_PROJECT_VERSION = "$(CONFIG_APP_BUNDLE_VERSION)";
				DEAD_CODE_STRIPPING = YES;
				DEVELOPMENT_TEAM = "$(CONFIG_DEV_TEAM)";
				ENABLE_PREVIEWS = YES;
				GENERATE_INFOPLIST_FILE = YES;
				INFOPLIST_FILE = App/Resources/Info.plist;
				INFOPLIST_KEY_LSApplicationCategoryType = "public.app-category.books";
				"INFOPLIST_KEY_UIApplicationSceneManifest_Generation[sdk=iphoneos*]" = YES;
				"INFOPLIST_KEY_UIApplicationSceneManifest_Generation[sdk=iphonesimulator*]" = YES;
				"INFOPLIST_KEY_UIApplicationSupportsIndirectInputEvents[sdk=iphoneos*]" = YES;
				"INFOPLIST_KEY_UIApplicationSupportsIndirectInputEvents[sdk=iphonesimulator*]" = YES;
				"INFOPLIST_KEY_UILaunchScreen_Generation[sdk=iphoneos*]" = YES;
				"INFOPLIST_KEY_UILaunchScreen_Generation[sdk=iphonesimulator*]" = YES;
				"INFOPLIST_KEY_UIStatusBarStyle[sdk=iphoneos*]" = UIStatusBarStyleDefault;
				"INFOPLIST_KEY_UIStatusBarStyle[sdk=iphonesimulator*]" = UIStatusBarStyleDefault;
				INFOPLIST_KEY_UISupportedInterfaceOrientations = UIInterfaceOrientationPortrait;
				INFOPLIST_KEY_UISupportedInterfaceOrientations_iPad = "UIInterfaceOrientationLandscapeLeft UIInterfaceOrientationLandscapeRight UIInterfaceOrientationPortrait UIInterfaceOrientationPortraitUpsideDown";
				IPHONEOS_DEPLOYMENT_TARGET = 16.0;
				LD_RUNPATH_SEARCH_PATHS = "@executable_path/Frameworks";
				"LD_RUNPATH_SEARCH_PATHS[sdk=macosx*]" = "@executable_path/../Frameworks";
				MACOSX_DEPLOYMENT_TARGET = 13.0;
				MARKETING_VERSION = "$(CONFIG_APP_VERSION)";
				PRODUCT_BUNDLE_IDENTIFIER = "$(CONFIG_BUNDLE_ID)";
				PRODUCT_NAME = "$(CONFIG_APP_NAME)";
				SDKROOT = auto;
				SUPPORTED_PLATFORMS = "iphoneos iphonesimulator macosx xros xrsimulator";
				SUPPORTS_MACCATALYST = NO;
				SWIFT_EMIT_LOC_STRINGS = YES;
				SWIFT_VERSION = 5.0;
				TARGETED_DEVICE_FAMILY = "1,2,7";
				XROS_DEPLOYMENT_TARGET = 1.0;
			};
			name = Release;
		};
		C6D73A0B2B49CC3C00FC23DC /* Debug */ = {
			isa = XCBuildConfiguration;
			buildSettings = {
				ASSETCATALOG_COMPILER_GLOBAL_ACCENT_COLOR_NAME = AccentColor;
				ASSETCATALOG_COMPILER_WIDGET_BACKGROUND_COLOR_NAME = WidgetBackground;
				CODE_SIGN_ENTITLEMENTS = Widget/Resources/Widget.entitlements;
				CODE_SIGN_STYLE = Automatic;
				CURRENT_PROJECT_VERSION = "$(CONFIG_APP_BUNDLE_VERSION)";
				DEAD_CODE_STRIPPING = YES;
				DEVELOPMENT_TEAM = "$(CONFIG_DEV_TEAM)";
				GENERATE_INFOPLIST_FILE = YES;
				INFOPLIST_FILE = Widget/Resources/Info.plist;
				INFOPLIST_KEY_CFBundleDisplayName = Widget;
				INFOPLIST_KEY_NSHumanReadableCopyright = "";
				IPHONEOS_DEPLOYMENT_TARGET = 16.0;
				LD_RUNPATH_SEARCH_PATHS = (
					"$(inherited)",
					"@executable_path/Frameworks",
					"@executable_path/../../Frameworks",
				);
				"LD_RUNPATH_SEARCH_PATHS[sdk=macosx*]" = (
					"$(inherited)",
					"@executable_path/../Frameworks",
					"@executable_path/../../../../Frameworks",
				);
				MACOSX_DEPLOYMENT_TARGET = 13.0;
				MARKETING_VERSION = "$(CONFIG_APP_VERSION)";
				PRODUCT_BUNDLE_IDENTIFIER = "$(CONFIG_BUNDLE_ID).Widget";
				PRODUCT_NAME = "$(CONFIG_WIDGET_NAME)";
				SDKROOT = auto;
				SKIP_INSTALL = YES;
				SUPPORTED_PLATFORMS = "iphoneos iphonesimulator macosx";
				SWIFT_EMIT_LOC_STRINGS = YES;
				SWIFT_VERSION = 5.0;
				TARGETED_DEVICE_FAMILY = "1,2";
			};
			name = Debug;
		};
		C6D73A0C2B49CC3C00FC23DC /* Release */ = {
			isa = XCBuildConfiguration;
			buildSettings = {
				ASSETCATALOG_COMPILER_GLOBAL_ACCENT_COLOR_NAME = AccentColor;
				ASSETCATALOG_COMPILER_WIDGET_BACKGROUND_COLOR_NAME = WidgetBackground;
				CODE_SIGN_ENTITLEMENTS = Widget/Resources/Widget.entitlements;
				CODE_SIGN_STYLE = Automatic;
				CURRENT_PROJECT_VERSION = "$(CONFIG_APP_BUNDLE_VERSION)";
				DEAD_CODE_STRIPPING = YES;
				DEVELOPMENT_TEAM = "$(CONFIG_DEV_TEAM)";
				GENERATE_INFOPLIST_FILE = YES;
				INFOPLIST_FILE = Widget/Resources/Info.plist;
				INFOPLIST_KEY_CFBundleDisplayName = Widget;
				INFOPLIST_KEY_NSHumanReadableCopyright = "";
				IPHONEOS_DEPLOYMENT_TARGET = 16.0;
				LD_RUNPATH_SEARCH_PATHS = (
					"$(inherited)",
					"@executable_path/Frameworks",
					"@executable_path/../../Frameworks",
				);
				"LD_RUNPATH_SEARCH_PATHS[sdk=macosx*]" = (
					"$(inherited)",
					"@executable_path/../Frameworks",
					"@executable_path/../../../../Frameworks",
				);
				MACOSX_DEPLOYMENT_TARGET = 13.0;
				MARKETING_VERSION = "$(CONFIG_APP_VERSION)";
				PRODUCT_BUNDLE_IDENTIFIER = "$(CONFIG_BUNDLE_ID).Widget";
				PRODUCT_NAME = "$(CONFIG_WIDGET_NAME)";
				SDKROOT = auto;
				SKIP_INSTALL = YES;
				SUPPORTED_PLATFORMS = "iphoneos iphonesimulator macosx";
				SWIFT_EMIT_LOC_STRINGS = YES;
				SWIFT_VERSION = 5.0;
				TARGETED_DEVICE_FAMILY = "1,2";
			};
			name = Release;
		};
/* End XCBuildConfiguration section */

/* Begin XCConfigurationList section */
		C69945B42B32E8CD008D475F /* Build configuration list for PBXProject "Meikade" */ = {
			isa = XCConfigurationList;
			buildConfigurations = (
				C69945C62B32E8CE008D475F /* Debug */,
				C69945C72B32E8CE008D475F /* Release */,
			);
			defaultConfigurationIsVisible = 0;
			defaultConfigurationName = Release;
		};
		C69945C82B32E8CE008D475F /* Build configuration list for PBXNativeTarget "Meikade" */ = {
			isa = XCConfigurationList;
			buildConfigurations = (
				C69945C92B32E8CE008D475F /* Debug */,
				C69945CA2B32E8CE008D475F /* Release */,
			);
			defaultConfigurationIsVisible = 0;
			defaultConfigurationName = Release;
		};
		C6D73A0A2B49CC3C00FC23DC /* Build configuration list for PBXNativeTarget "WidgetExtension" */ = {
			isa = XCConfigurationList;
			buildConfigurations = (
				C6D73A0B2B49CC3C00FC23DC /* Debug */,
				C6D73A0C2B49CC3C00FC23DC /* Release */,
			);
			defaultConfigurationIsVisible = 0;
			defaultConfigurationName = Release;
		};
/* End XCConfigurationList section */

/* Begin XCRemoteSwiftPackageReference section */
		C64749C92B3C549A00AD4807 /* XCRemoteSwiftPackageReference "SwiftUI-Introspect" */ = {
			isa = XCRemoteSwiftPackageReference;
			repositoryURL = "https://github.com/siteline/SwiftUI-Introspect";
			requirement = {
				kind = upToNextMajorVersion;
				minimumVersion = 1.1.3;
			};
		};
		C660DD4D2B57094600CEAE55 /* XCRemoteSwiftPackageReference "MuzeiSwiftAPI" */ = {
			isa = XCRemoteSwiftPackageReference;
			repositoryURL = "https://github.com/Rminsh/MuzeiSwiftAPI.git";
			requirement = {
				kind = upToNextMajorVersion;
				minimumVersion = 1.0.0;
			};
		};
		C67CCE622B4F377D002B358B /* XCRemoteSwiftPackageReference "RichTextKit" */ = {
			isa = XCRemoteSwiftPackageReference;
			repositoryURL = "https://github.com/danielsaidi/RichTextKit";
			requirement = {
				kind = upToNextMajorVersion;
				minimumVersion = 1.0.0;
			};
		};
		C69945E92B334B26008D475F /* XCRemoteSwiftPackageReference "Nuke" */ = {
			isa = XCRemoteSwiftPackageReference;
			repositoryURL = "https://github.com/kean/Nuke/";
			requirement = {
				kind = upToNextMajorVersion;
				minimumVersion = 12.5.0;
			};
		};
/* End XCRemoteSwiftPackageReference section */

/* Begin XCSwiftPackageProductDependency section */
		C64749CA2B3C549A00AD4807 /* SwiftUIIntrospect */ = {
			isa = XCSwiftPackageProductDependency;
			package = C64749C92B3C549A00AD4807 /* XCRemoteSwiftPackageReference "SwiftUI-Introspect" */;
			productName = SwiftUIIntrospect;
		};
		C660DD4E2B57094600CEAE55 /* MuzeiSwiftAPI */ = {
			isa = XCSwiftPackageProductDependency;
			package = C660DD4D2B57094600CEAE55 /* XCRemoteSwiftPackageReference "MuzeiSwiftAPI" */;
			productName = MuzeiSwiftAPI;
		};
		C67CCE632B4F377D002B358B /* RichTextKit */ = {
			isa = XCSwiftPackageProductDependency;
			package = C67CCE622B4F377D002B358B /* XCRemoteSwiftPackageReference "RichTextKit" */;
			productName = RichTextKit;
		};
		C69945EA2B334B26008D475F /* Nuke */ = {
			isa = XCSwiftPackageProductDependency;
			package = C69945E92B334B26008D475F /* XCRemoteSwiftPackageReference "Nuke" */;
			productName = Nuke;
		};
		C69945EC2B334B26008D475F /* NukeExtensions */ = {
			isa = XCSwiftPackageProductDependency;
			package = C69945E92B334B26008D475F /* XCRemoteSwiftPackageReference "Nuke" */;
			productName = NukeExtensions;
		};
		C69945EE2B334B26008D475F /* NukeUI */ = {
			isa = XCSwiftPackageProductDependency;
			package = C69945E92B334B26008D475F /* XCRemoteSwiftPackageReference "Nuke" */;
			productName = NukeUI;
		};
/* End XCSwiftPackageProductDependency section */
	};
	rootObject = C69945B12B32E8CD008D475F /* Project object */;
}
