// !$*UTF8*$!
{
	archiveVersion = 1;
	classes = {
	};
	objectVersion = 70;
	objects = {

/* Begin PBXBuildFile section */
		C660DD4F2B57094600CEAE55 /* MuzeiSwiftAPI in Frameworks */ = {isa = PBXBuildFile; productRef = C660DD4E2B57094600CEAE55 /* MuzeiSwiftAPI */; };
		C67CCE642B4F377D002B358B /* RichTextKit in Frameworks */ = {isa = PBXBuildFile; productRef = C67CCE632B4F377D002B358B /* RichTextKit */; };
		C68C0FAE2C43003C0098DC34 /* Meikade.app in Embed Watch Content */ = {isa = PBXBuildFile; fileRef = C68C0FA12C43003B0098DC34 /* Meikade.app */; platformFilter = ios; settings = {ATTRIBUTES = (RemoveHeadersOnCopy, ); }; };
		C69945EB2B334B26008D475F /* Nuke in Frameworks */ = {isa = PBXBuildFile; productRef = C69945EA2B334B26008D475F /* Nuke */; };
		C69945ED2B334B26008D475F /* NukeExtensions in Frameworks */ = {isa = PBXBuildFile; productRef = C69945EC2B334B26008D475F /* NukeExtensions */; };
		C69945EF2B334B26008D475F /* NukeUI in Frameworks */ = {isa = PBXBuildFile; productRef = C69945EE2B334B26008D475F /* NukeUI */; };
		C6A5E5372C445468001A00C9 /* Nuke in Frameworks */ = {isa = PBXBuildFile; productRef = C6A5E5362C445468001A00C9 /* Nuke */; };
		C6A5E5392C445468001A00C9 /* NukeUI in Frameworks */ = {isa = PBXBuildFile; productRef = C6A5E5382C445468001A00C9 /* NukeUI */; };
		C6A5E53B2C4454B3001A00C9 /* RichTextKit in Frameworks */ = {isa = PBXBuildFile; productRef = C6A5E53A2C4454B3001A00C9 /* RichTextKit */; };
		C6D739F92B49CC3B00FC23DC /* WidgetKit.framework in Frameworks */ = {isa = PBXBuildFile; fileRef = C6D739F82B49CC3B00FC23DC /* WidgetKit.framework */; };
		C6D739FB2B49CC3B00FC23DC /* SwiftUI.framework in Frameworks */ = {isa = PBXBuildFile; fileRef = C6D739FA2B49CC3B00FC23DC /* SwiftUI.framework */; };
		C6D73A092B49CC3C00FC23DC /* MeikadeWidget.appex in Embed Foundation Extensions */ = {isa = PBXBuildFile; fileRef = C6D739F62B49CC3B00FC23DC /* MeikadeWidget.appex */; platformFilters = (ios, macos, ); settings = {ATTRIBUTES = (RemoveHeadersOnCopy, ); }; };
/* End PBXBuildFile section */

/* Begin PBXContainerItemProxy section */
		C68C0FAC2C43003C0098DC34 /* PBXContainerItemProxy */ = {
			isa = PBXContainerItemProxy;
			containerPortal = C69945B12B32E8CD008D475F /* Project object */;
			proxyType = 1;
			remoteGlobalIDString = C68C0FA02C43003B0098DC34;
			remoteInfo = "MeikadeWatch Watch App";
		};
		C6B34B2B2CE884A4009F32F8 /* PBXContainerItemProxy */ = {
			isa = PBXContainerItemProxy;
			containerPortal = C69945B12B32E8CD008D475F /* Project object */;
			proxyType = 1;
			remoteGlobalIDString = C69945B82B32E8CD008D475F;
			remoteInfo = Meikade;
		};
		C6D73A072B49CC3C00FC23DC /* PBXContainerItemProxy */ = {
			isa = PBXContainerItemProxy;
			containerPortal = C69945B12B32E8CD008D475F /* Project object */;
			proxyType = 1;
			remoteGlobalIDString = C6D739F52B49CC3B00FC23DC;
			remoteInfo = WidgetExtension;
		};
/* End PBXContainerItemProxy section */

/* Begin PBXCopyFilesBuildPhase section */
		C68C0FAF2C43003C0098DC34 /* Embed Watch Content */ = {
			isa = PBXCopyFilesBuildPhase;
			buildActionMask = 2147483647;
			dstPath = "$(CONTENTS_FOLDER_PATH)/Watch";
			dstSubfolderSpec = 16;
			files = (
				C68C0FAE2C43003C0098DC34 /* Meikade.app in Embed Watch Content */,
			);
			name = "Embed Watch Content";
			runOnlyForDeploymentPostprocessing = 0;
		};
		C6D73A0D2B49CC3C00FC23DC /* Embed Foundation Extensions */ = {
			isa = PBXCopyFilesBuildPhase;
			buildActionMask = 2147483647;
			dstPath = "";
			dstSubfolderSpec = 13;
			files = (
				C6D73A092B49CC3C00FC23DC /* MeikadeWidget.appex in Embed Foundation Extensions */,
			);
			name = "Embed Foundation Extensions";
			runOnlyForDeploymentPostprocessing = 0;
		};
/* End PBXCopyFilesBuildPhase section */

/* Begin PBXFileReference section */
		C64F90DA2B4A948500FB6BC2 /* README.md */ = {isa = PBXFileReference; lastKnownFileType = net.daringfireball.markdown; path = README.md; sourceTree = "<group>"; };
		C68C0FA12C43003B0098DC34 /* Meikade.app */ = {isa = PBXFileReference; explicitFileType = wrapper.application; includeInIndex = 0; path = Meikade.app; sourceTree = BUILT_PRODUCTS_DIR; };
		C69945B92B32E8CD008D475F /* Meikade.app */ = {isa = PBXFileReference; explicitFileType = wrapper.application; includeInIndex = 0; path = Meikade.app; sourceTree = BUILT_PRODUCTS_DIR; };
		C6B34B272CE884A3009F32F8 /* MeikadeTests.xctest */ = {isa = PBXFileReference; explicitFileType = wrapper.cfbundle; includeInIndex = 0; path = MeikadeTests.xctest; sourceTree = BUILT_PRODUCTS_DIR; };
		C6D739F12B49AC4300FC23DC /* Config.xcconfig */ = {isa = PBXFileReference; lastKnownFileType = text.xcconfig; path = Config.xcconfig; sourceTree = "<group>"; };
		C6D739F62B49CC3B00FC23DC /* MeikadeWidget.appex */ = {isa = PBXFileReference; explicitFileType = "wrapper.app-extension"; includeInIndex = 0; path = MeikadeWidget.appex; sourceTree = BUILT_PRODUCTS_DIR; };
		C6D739F82B49CC3B00FC23DC /* WidgetKit.framework */ = {isa = PBXFileReference; lastKnownFileType = wrapper.framework; name = WidgetKit.framework; path = /System/Library/Frameworks/WidgetKit.framework; sourceTree = "<absolute>"; };
		C6D739FA2B49CC3B00FC23DC /* SwiftUI.framework */ = {isa = PBXFileReference; lastKnownFileType = wrapper.framework; name = SwiftUI.framework; path = /System/Library/Frameworks/SwiftUI.framework; sourceTree = "<absolute>"; };
/* End PBXFileReference section */

/* Begin PBXFileSystemSynchronizedBuildFileExceptionSet section */
		C67DC85E2CE7A3D3002E38D5 /* PBXFileSystemSynchronizedBuildFileExceptionSet */ = {
			isa = PBXFileSystemSynchronizedBuildFileExceptionSet;
			membershipExceptions = (
				Resources/Info.plist,
			);
			target = C69945B82B32E8CD008D475F /* Meikade */;
		};
		C67DC85F2CE7A3D3002E38D5 /* PBXFileSystemSynchronizedBuildFileExceptionSet */ = {
			isa = PBXFileSystemSynchronizedBuildFileExceptionSet;
			membershipExceptions = (
				Resources/Info.plist,
			);
			target = C68C0FA02C43003B0098DC34 /* Watch App */;
		};
		C67DC8E22CE7A3E5002E38D5 /* PBXFileSystemSynchronizedBuildFileExceptionSet */ = {
			isa = PBXFileSystemSynchronizedBuildFileExceptionSet;
			membershipExceptions = (
				Resources/Info.plist,
			);
			target = C6D739F52B49CC3B00FC23DC /* WidgetExtension */;
		};
		C6D8B2F32CF247E700FF64AB /* PBXFileSystemSynchronizedBuildFileExceptionSet */ = {
			isa = PBXFileSystemSynchronizedBuildFileExceptionSet;
			membershipExceptions = (
				Meikade.xctestplan,
			);
			target = C6B34B262CE884A3009F32F8 /* MeikadeTests */;
		};
/* End PBXFileSystemSynchronizedBuildFileExceptionSet section */

/* Begin PBXFileSystemSynchronizedRootGroup section */
		C67DC82B2CE7A3D3002E38D5 /* App */ = {isa = PBXFileSystemSynchronizedRootGroup; exceptions = (C67DC85E2CE7A3D3002E38D5 /* PBXFileSystemSynchronizedBuildFileExceptionSet */, C67DC85F2CE7A3D3002E38D5 /* PBXFileSystemSynchronizedBuildFileExceptionSet */, ); explicitFileTypes = {}; explicitFolders = (); path = App; sourceTree = "<group>"; };
		C67DC8702CE7A3D6002E38D5 /* Networking */ = {isa = PBXFileSystemSynchronizedRootGroup; explicitFileTypes = {}; explicitFolders = (); path = Networking; sourceTree = "<group>"; };
		C67DC8A72CE7A3DF002E38D5 /* Shared */ = {isa = PBXFileSystemSynchronizedRootGroup; explicitFileTypes = {}; explicitFolders = (); path = Shared; sourceTree = "<group>"; };
		C67DC8DB2CE7A3E5002E38D5 /* Widget */ = {isa = PBXFileSystemSynchronizedRootGroup; exceptions = (C67DC8E22CE7A3E5002E38D5 /* PBXFileSystemSynchronizedBuildFileExceptionSet */, ); explicitFileTypes = {}; explicitFolders = (); path = Widget; sourceTree = "<group>"; };
		C6B34B282CE884A4009F32F8 /* MeikadeTests */ = {isa = PBXFileSystemSynchronizedRootGroup; exceptions = (C6D8B2F32CF247E700FF64AB /* PBXFileSystemSynchronizedBuildFileExceptionSet */, ); explicitFileTypes = {}; explicitFolders = (); path = MeikadeTests; sourceTree = "<group>"; };
/* End PBXFileSystemSynchronizedRootGroup section */

/* Begin PBXFrameworksBuildPhase section */
		C68C0F9E2C43003B0098DC34 /* Frameworks */ = {
			isa = PBXFrameworksBuildPhase;
			buildActionMask = 2147483647;
			files = (
				C6A5E5372C445468001A00C9 /* Nuke in Frameworks */,
				C6A5E5392C445468001A00C9 /* NukeUI in Frameworks */,
				C6A5E53B2C4454B3001A00C9 /* RichTextKit in Frameworks */,
			);
			runOnlyForDeploymentPostprocessing = 0;
		};
		C69945B62B32E8CD008D475F /* Frameworks */ = {
			isa = PBXFrameworksBuildPhase;
			buildActionMask = 2147483647;
			files = (
				C69945EF2B334B26008D475F /* NukeUI in Frameworks */,
				C69945EB2B334B26008D475F /* Nuke in Frameworks */,
				C69945ED2B334B26008D475F /* NukeExtensions in Frameworks */,
				C67CCE642B4F377D002B358B /* RichTextKit in Frameworks */,
			);
			runOnlyForDeploymentPostprocessing = 0;
		};
		C6B34B242CE884A3009F32F8 /* Frameworks */ = {
			isa = PBXFrameworksBuildPhase;
			buildActionMask = 2147483647;
			files = (
			);
			runOnlyForDeploymentPostprocessing = 0;
		};
		C6D739F32B49CC3B00FC23DC /* Frameworks */ = {
			isa = PBXFrameworksBuildPhase;
			buildActionMask = 2147483647;
			files = (
				C660DD4F2B57094600CEAE55 /* MuzeiSwiftAPI in Frameworks */,
				C6D739FB2B49CC3B00FC23DC /* SwiftUI.framework in Frameworks */,
				C6D739F92B49CC3B00FC23DC /* WidgetKit.framework in Frameworks */,
			);
			runOnlyForDeploymentPostprocessing = 0;
		};
/* End PBXFrameworksBuildPhase section */

/* Begin PBXGroup section */
		C69945B02B32E8CD008D475F = {
			isa = PBXGroup;
			children = (
				C64F90DA2B4A948500FB6BC2 /* README.md */,
				C6D739F12B49AC4300FC23DC /* Config.xcconfig */,
				C67DC82B2CE7A3D3002E38D5 /* App */,
				C67DC8702CE7A3D6002E38D5 /* Networking */,
				C67DC8A72CE7A3DF002E38D5 /* Shared */,
				C67DC8DB2CE7A3E5002E38D5 /* Widget */,
				C6B34B282CE884A4009F32F8 /* MeikadeTests */,
				C6D739F72B49CC3B00FC23DC /* Frameworks */,
				C69945BA2B32E8CD008D475F /* Products */,
			);
			sourceTree = "<group>";
		};
		C69945BA2B32E8CD008D475F /* Products */ = {
			isa = PBXGroup;
			children = (
				C69945B92B32E8CD008D475F /* Meikade.app */,
				C6D739F62B49CC3B00FC23DC /* MeikadeWidget.appex */,
				C68C0FA12C43003B0098DC34 /* Meikade.app */,
				C6B34B272CE884A3009F32F8 /* MeikadeTests.xctest */,
			);
			name = Products;
			sourceTree = "<group>";
		};
		C6D739F72B49CC3B00FC23DC /* Frameworks */ = {
			isa = PBXGroup;
			children = (
				C6D739F82B49CC3B00FC23DC /* WidgetKit.framework */,
				C6D739FA2B49CC3B00FC23DC /* SwiftUI.framework */,
			);
			name = Frameworks;
			sourceTree = "<group>";
		};
/* End PBXGroup section */

/* Begin PBXNativeTarget section */
		C68C0FA02C43003B0098DC34 /* Watch App */ = {
			isa = PBXNativeTarget;
			buildConfigurationList = C68C0FB22C43003C0098DC34 /* Build configuration list for PBXNativeTarget "Watch App" */;
			buildPhases = (
				C68C0F9D2C43003B0098DC34 /* Sources */,
				C68C0F9E2C43003B0098DC34 /* Frameworks */,
				C68C0F9F2C43003B0098DC34 /* Resources */,
			);
			buildRules = (
			);
			dependencies = (
			);
			fileSystemSynchronizedGroups = (
				C67DC82B2CE7A3D3002E38D5 /* App */,
				C67DC8702CE7A3D6002E38D5 /* Networking */,
				C67DC8A72CE7A3DF002E38D5 /* Shared */,
			);
			name = "Watch App";
			packageProductDependencies = (
				C6A5E5362C445468001A00C9 /* Nuke */,
				C6A5E5382C445468001A00C9 /* NukeUI */,
				C6A5E53A2C4454B3001A00C9 /* RichTextKit */,
			);
			productName = "MeikadeWatch Watch App";
			productReference = C68C0FA12C43003B0098DC34 /* Meikade.app */;
			productType = "com.apple.product-type.application";
		};
		C69945B82B32E8CD008D475F /* Meikade */ = {
			isa = PBXNativeTarget;
			buildConfigurationList = C69945C82B32E8CE008D475F /* Build configuration list for PBXNativeTarget "Meikade" */;
			buildPhases = (
				C69945B52B32E8CD008D475F /* Sources */,
				C69945B62B32E8CD008D475F /* Frameworks */,
				C69945B72B32E8CD008D475F /* Resources */,
				C6D73A0D2B49CC3C00FC23DC /* Embed Foundation Extensions */,
				C68C0FAF2C43003C0098DC34 /* Embed Watch Content */,
			);
			buildRules = (
			);
			dependencies = (
				C6D73A082B49CC3C00FC23DC /* PBXTargetDependency */,
				C68C0FAD2C43003C0098DC34 /* PBXTargetDependency */,
			);
			fileSystemSynchronizedGroups = (
				C67DC82B2CE7A3D3002E38D5 /* App */,
				C67DC8702CE7A3D6002E38D5 /* Networking */,
				C67DC8A72CE7A3DF002E38D5 /* Shared */,
			);
			name = Meikade;
			packageProductDependencies = (
				C69945EA2B334B26008D475F /* Nuke */,
				C69945EC2B334B26008D475F /* NukeExtensions */,
				C69945EE2B334B26008D475F /* NukeUI */,
				C67CCE632B4F377D002B358B /* RichTextKit */,
			);
			productName = Meikade;
			productReference = C69945B92B32E8CD008D475F /* Meikade.app */;
			productType = "com.apple.product-type.application";
		};
		C6B34B262CE884A3009F32F8 /* MeikadeTests */ = {
			isa = PBXNativeTarget;
			buildConfigurationList = C6B34B2D2CE884A4009F32F8 /* Build configuration list for PBXNativeTarget "MeikadeTests" */;
			buildPhases = (
				C6B34B232CE884A3009F32F8 /* Sources */,
				C6B34B242CE884A3009F32F8 /* Frameworks */,
				C6B34B252CE884A3009F32F8 /* Resources */,
			);
			buildRules = (
			);
			dependencies = (
				C6B34B2C2CE884A4009F32F8 /* PBXTargetDependency */,
			);
			fileSystemSynchronizedGroups = (
				C6B34B282CE884A4009F32F8 /* MeikadeTests */,
			);
			name = MeikadeTests;
			packageProductDependencies = (
			);
			productName = MeikadeTests;
			productReference = C6B34B272CE884A3009F32F8 /* MeikadeTests.xctest */;
			productType = "com.apple.product-type.bundle.unit-test";
		};
		C6D739F52B49CC3B00FC23DC /* WidgetExtension */ = {
			isa = PBXNativeTarget;
			buildConfigurationList = C6D73A0A2B49CC3C00FC23DC /* Build configuration list for PBXNativeTarget "WidgetExtension" */;
			buildPhases = (
				C6D739F22B49CC3B00FC23DC /* Sources */,
				C6D739F32B49CC3B00FC23DC /* Frameworks */,
				C6D739F42B49CC3B00FC23DC /* Resources */,
			);
			buildRules = (
			);
			dependencies = (
			);
			fileSystemSynchronizedGroups = (
				C67DC8702CE7A3D6002E38D5 /* Networking */,
				C67DC8A72CE7A3DF002E38D5 /* Shared */,
				C67DC8DB2CE7A3E5002E38D5 /* Widget */,
			);
			name = WidgetExtension;
			packageProductDependencies = (
				C660DD4E2B57094600CEAE55 /* MuzeiSwiftAPI */,
			);
			productName = WidgetExtension;
			productReference = C6D739F62B49CC3B00FC23DC /* MeikadeWidget.appex */;
			productType = "com.apple.product-type.app-extension";
		};
/* End PBXNativeTarget section */

/* Begin PBXProject section */
		C69945B12B32E8CD008D475F /* Project object */ = {
			isa = PBXProject;
			attributes = {
				BuildIndependentTargetsInParallel = 1;
				LastSwiftUpdateCheck = 1610;
				LastUpgradeCheck = 1600;
				TargetAttributes = {
					C68C0FA02C43003B0098DC34 = {
						CreatedOnToolsVersion = 16.0;
					};
					C69945B82B32E8CD008D475F = {
						CreatedOnToolsVersion = 15.2;
					};
					C6B34B262CE884A3009F32F8 = {
						CreatedOnToolsVersion = 16.1;
						TestTargetID = C69945B82B32E8CD008D475F;
					};
					C6D739F52B49CC3B00FC23DC = {
						CreatedOnToolsVersion = 15.2;
					};
				};
			};
			buildConfigurationList = C69945B42B32E8CD008D475F /* Build configuration list for PBXProject "Meikade" */;
			compatibilityVersion = "Xcode 14.0";
			developmentRegion = en;
			hasScannedForEncodings = 0;
			knownRegions = (
				en,
				Base,
				fa,
			);
			mainGroup = C69945B02B32E8CD008D475F;
			packageReferences = (
				C69945E92B334B26008D475F /* XCRemoteSwiftPackageReference "Nuke" */,
				C67CCE622B4F377D002B358B /* XCRemoteSwiftPackageReference "RichTextKit" */,
				C660DD4D2B57094600CEAE55 /* XCRemoteSwiftPackageReference "MuzeiSwiftAPI" */,
			);
			productRefGroup = C69945BA2B32E8CD008D475F /* Products */;
			projectDirPath = "";
			projectRoot = "";
			targets = (
				C69945B82B32E8CD008D475F /* Meikade */,
				C6D739F52B49CC3B00FC23DC /* WidgetExtension */,
				C68C0FA02C43003B0098DC34 /* Watch App */,
				C6B34B262CE884A3009F32F8 /* MeikadeTests */,
			);
		};
/* End PBXProject section */

/* Begin PBXResourcesBuildPhase section */
		C68C0F9F2C43003B0098DC34 /* Resources */ = {
			isa = PBXResourcesBuildPhase;
			buildActionMask = 2147483647;
			files = (
			);
			runOnlyForDeploymentPostprocessing = 0;
		};
		C69945B72B32E8CD008D475F /* Resources */ = {
			isa = PBXResourcesBuildPhase;
			buildActionMask = 2147483647;
			files = (
			);
			runOnlyForDeploymentPostprocessing = 0;
		};
		C6B34B252CE884A3009F32F8 /* Resources */ = {
			isa = PBXResourcesBuildPhase;
			buildActionMask = 2147483647;
			files = (
			);
			runOnlyForDeploymentPostprocessing = 0;
		};
		C6D739F42B49CC3B00FC23DC /* Resources */ = {
			isa = PBXResourcesBuildPhase;
			buildActionMask = 2147483647;
			files = (
			);
			runOnlyForDeploymentPostprocessing = 0;
		};
/* End PBXResourcesBuildPhase section */

/* Begin PBXSourcesBuildPhase section */
		C68C0F9D2C43003B0098DC34 /* Sources */ = {
			isa = PBXSourcesBuildPhase;
			buildActionMask = 2147483647;
			files = (
			);
			runOnlyForDeploymentPostprocessing = 0;
		};
		C69945B52B32E8CD008D475F /* Sources */ = {
			isa = PBXSourcesBuildPhase;
			buildActionMask = 2147483647;
			files = (
			);
			runOnlyForDeploymentPostprocessing = 0;
		};
		C6B34B232CE884A3009F32F8 /* Sources */ = {
			isa = PBXSourcesBuildPhase;
			buildActionMask = 2147483647;
			files = (
			);
			runOnlyForDeploymentPostprocessing = 0;
		};
		C6D739F22B49CC3B00FC23DC /* Sources */ = {
			isa = PBXSourcesBuildPhase;
			buildActionMask = 2147483647;
			files = (
			);
			runOnlyForDeploymentPostprocessing = 0;
		};
/* End PBXSourcesBuildPhase section */

/* Begin PBXTargetDependency section */
		C68C0FAD2C43003C0098DC34 /* PBXTargetDependency */ = {
			isa = PBXTargetDependency;
			platformFilter = ios;
			target = C68C0FA02C43003B0098DC34 /* Watch App */;
			targetProxy = C68C0FAC2C43003C0098DC34 /* PBXContainerItemProxy */;
		};
		C6B34B2C2CE884A4009F32F8 /* PBXTargetDependency */ = {
			isa = PBXTargetDependency;
			target = C69945B82B32E8CD008D475F /* Meikade */;
			targetProxy = C6B34B2B2CE884A4009F32F8 /* PBXContainerItemProxy */;
		};
		C6D73A082B49CC3C00FC23DC /* PBXTargetDependency */ = {
			isa = PBXTargetDependency;
			platformFilters = (
				ios,
				macos,
			);
			target = C6D739F52B49CC3B00FC23DC /* WidgetExtension */;
			targetProxy = C6D73A072B49CC3C00FC23DC /* PBXContainerItemProxy */;
		};
/* End PBXTargetDependency section */

/* Begin XCBuildConfiguration section */
		C68C0FB02C43003C0098DC34 /* Debug */ = {
			isa = XCBuildConfiguration;
			baseConfigurationReference = C6D739F12B49AC4300FC23DC /* Config.xcconfig */;
			buildSettings = {
				ASSETCATALOG_COMPILER_APPICON_NAME = AppIcon;
				ASSETCATALOG_COMPILER_GLOBAL_ACCENT_COLOR_NAME = AccentColor;
				CODE_SIGN_STYLE = Automatic;
				CURRENT_PROJECT_VERSION = "$(CONFIG_APP_BUNDLE_VERSION)";
				DEVELOPMENT_TEAM = "$(CONFIG_DEV_TEAM)";
				ENABLE_PREVIEWS = YES;
				GENERATE_INFOPLIST_FILE = YES;
				INFOPLIST_FILE = App/Resources/Info.plist;
				INFOPLIST_KEY_CFBundleDisplayName = Meikade;
				INFOPLIST_KEY_UISupportedInterfaceOrientations = "UIInterfaceOrientationPortrait UIInterfaceOrientationPortraitUpsideDown";
				INFOPLIST_KEY_WKCompanionAppBundleIdentifier = "$(CONFIG_BUNDLE_ID)";
				INFOPLIST_KEY_WKRunsIndependentlyOfCompanionApp = YES;
				LD_RUNPATH_SEARCH_PATHS = (
					"$(inherited)",
					"@executable_path/Frameworks",
				);
				MARKETING_VERSION = "$(CONFIG_APP_VERSION)";
				PRODUCT_BUNDLE_IDENTIFIER = "$(CONFIG_BUNDLE_ID).watchkitapp";
				PRODUCT_NAME = "$(CONFIG_APP_NAME)";
				SDKROOT = watchos;
				SKIP_INSTALL = YES;
				SWIFT_EMIT_LOC_STRINGS = YES;
				SWIFT_VERSION = 5.0;
				TARGETED_DEVICE_FAMILY = 4;
				WATCHOS_DEPLOYMENT_TARGET = 10.0;
			};
			name = Debug;
		};
		C68C0FB12C43003C0098DC34 /* Release */ = {
			isa = XCBuildConfiguration;
			baseConfigurationReference = C6D739F12B49AC4300FC23DC /* Config.xcconfig */;
			buildSettings = {
				ASSETCATALOG_COMPILER_APPICON_NAME = AppIcon;
				ASSETCATALOG_COMPILER_GLOBAL_ACCENT_COLOR_NAME = AccentColor;
				CODE_SIGN_STYLE = Automatic;
				CURRENT_PROJECT_VERSION = "$(CONFIG_APP_BUNDLE_VERSION)";
				DEVELOPMENT_TEAM = "$(CONFIG_DEV_TEAM)";
				ENABLE_PREVIEWS = YES;
				GENERATE_INFOPLIST_FILE = YES;
				INFOPLIST_FILE = App/Resources/Info.plist;
				INFOPLIST_KEY_CFBundleDisplayName = Meikade;
				INFOPLIST_KEY_UISupportedInterfaceOrientations = "UIInterfaceOrientationPortrait UIInterfaceOrientationPortraitUpsideDown";
				INFOPLIST_KEY_WKCompanionAppBundleIdentifier = "$(CONFIG_BUNDLE_ID)";
				INFOPLIST_KEY_WKRunsIndependentlyOfCompanionApp = YES;
				LD_RUNPATH_SEARCH_PATHS = (
					"$(inherited)",
					"@executable_path/Frameworks",
				);
				MARKETING_VERSION = "$(CONFIG_APP_VERSION)";
				PRODUCT_BUNDLE_IDENTIFIER = "$(CONFIG_BUNDLE_ID).watchkitapp";
				PRODUCT_NAME = "$(CONFIG_APP_NAME)";
				SDKROOT = watchos;
				SKIP_INSTALL = YES;
				SWIFT_EMIT_LOC_STRINGS = YES;
				SWIFT_VERSION = 5.0;
				TARGETED_DEVICE_FAMILY = 4;
				VALIDATE_PRODUCT = YES;
				WATCHOS_DEPLOYMENT_TARGET = 10.0;
			};
			name = Release;
		};
		C69945C62B32E8CE008D475F /* Debug */ = {
			isa = XCBuildConfiguration;
			baseConfigurationReference = C6D739F12B49AC4300FC23DC /* Config.xcconfig */;
			buildSettings = {
				ALWAYS_SEARCH_USER_PATHS = NO;
				ASSETCATALOG_COMPILER_GENERATE_SWIFT_ASSET_SYMBOL_EXTENSIONS = YES;
				CLANG_ANALYZER_LOCALIZABILITY_NONLOCALIZED = YES;
				CLANG_ANALYZER_NONNULL = YES;
				CLANG_ANALYZER_NUMBER_OBJECT_CONVERSION = YES_AGGRESSIVE;
				CLANG_CXX_LANGUAGE_STANDARD = "gnu++20";
				CLANG_ENABLE_MODULES = YES;
				CLANG_ENABLE_OBJC_ARC = YES;
				CLANG_ENABLE_OBJC_WEAK = YES;
				CLANG_WARN_BLOCK_CAPTURE_AUTORELEASING = YES;
				CLANG_WARN_BOOL_CONVERSION = YES;
				CLANG_WARN_COMMA = YES;
				CLANG_WARN_CONSTANT_CONVERSION = YES;
				CLANG_WARN_DEPRECATED_OBJC_IMPLEMENTATIONS = YES;
				CLANG_WARN_DIRECT_OBJC_ISA_USAGE = YES_ERROR;
				CLANG_WARN_DOCUMENTATION_COMMENTS = YES;
				CLANG_WARN_EMPTY_BODY = YES;
				CLANG_WARN_ENUM_CONVERSION = YES;
				CLANG_WARN_INFINITE_RECURSION = YES;
				CLANG_WARN_INT_CONVERSION = YES;
				CLANG_WARN_NON_LITERAL_NULL_CONVERSION = YES;
				CLANG_WARN_OBJC_IMPLICIT_RETAIN_SELF = YES;
				CLANG_WARN_OBJC_LITERAL_CONVERSION = YES;
				CLANG_WARN_OBJC_ROOT_CLASS = YES_ERROR;
				CLANG_WARN_QUOTED_INCLUDE_IN_FRAMEWORK_HEADER = YES;
				CLANG_WARN_RANGE_LOOP_ANALYSIS = YES;
				CLANG_WARN_STRICT_PROTOTYPES = YES;
				CLANG_WARN_SUSPICIOUS_MOVE = YES;
				CLANG_WARN_UNGUARDED_AVAILABILITY = YES_AGGRESSIVE;
				CLANG_WARN_UNREACHABLE_CODE = YES;
				CLANG_WARN__DUPLICATE_METHOD_MATCH = YES;
				COPY_PHASE_STRIP = NO;
				DEAD_CODE_STRIPPING = YES;
				DEBUG_INFORMATION_FORMAT = dwarf;
				ENABLE_STRICT_OBJC_MSGSEND = YES;
				ENABLE_TESTABILITY = YES;
				ENABLE_USER_SCRIPT_SANDBOXING = YES;
				GCC_C_LANGUAGE_STANDARD = gnu17;
				GCC_DYNAMIC_NO_PIC = NO;
				GCC_NO_COMMON_BLOCKS = YES;
				GCC_OPTIMIZATION_LEVEL = 0;
				GCC_PREPROCESSOR_DEFINITIONS = (
					"DEBUG=1",
					"$(inherited)",
				);
				GCC_WARN_64_TO_32_BIT_CONVERSION = YES;
				GCC_WARN_ABOUT_RETURN_TYPE = YES_ERROR;
				GCC_WARN_UNDECLARED_SELECTOR = YES;
				GCC_WARN_UNINITIALIZED_AUTOS = YES_AGGRESSIVE;
				GCC_WARN_UNUSED_FUNCTION = YES;
				GCC_WARN_UNUSED_VARIABLE = YES;
				LOCALIZATION_PREFERS_STRING_CATALOGS = YES;
				MTL_ENABLE_DEBUG_INFO = INCLUDE_SOURCE;
				MTL_FAST_MATH = YES;
				ONLY_ACTIVE_ARCH = YES;
				SWIFT_ACTIVE_COMPILATION_CONDITIONS = "DEBUG $(inherited)";
				SWIFT_OPTIMIZATION_LEVEL = "-Onone";
			};
			name = Debug;
		};
		C69945C72B32E8CE008D475F /* Release */ = {
			isa = XCBuildConfiguration;
			baseConfigurationReference = C6D739F12B49AC4300FC23DC /* Config.xcconfig */;
			buildSettings = {
				ALWAYS_SEARCH_USER_PATHS = NO;
				ASSETCATALOG_COMPILER_GENERATE_SWIFT_ASSET_SYMBOL_EXTENSIONS = YES;
				CLANG_ANALYZER_LOCALIZABILITY_NONLOCALIZED = YES;
				CLANG_ANALYZER_NONNULL = YES;
				CLANG_ANALYZER_NUMBER_OBJECT_CONVERSION = YES_AGGRESSIVE;
				CLANG_CXX_LANGUAGE_STANDARD = "gnu++20";
				CLANG_ENABLE_MODULES = YES;
				CLANG_ENABLE_OBJC_ARC = YES;
				CLANG_ENABLE_OBJC_WEAK = YES;
				CLANG_WARN_BLOCK_CAPTURE_AUTORELEASING = YES;
				CLANG_WARN_BOOL_CONVERSION = YES;
				CLANG_WARN_COMMA = YES;
				CLANG_WARN_CONSTANT_CONVERSION = YES;
				CLANG_WARN_DEPRECATED_OBJC_IMPLEMENTATIONS = YES;
				CLANG_WARN_DIRECT_OBJC_ISA_USAGE = YES_ERROR;
				CLANG_WARN_DOCUMENTATION_COMMENTS = YES;
				CLANG_WARN_EMPTY_BODY = YES;
				CLANG_WARN_ENUM_CONVERSION = YES;
				CLANG_WARN_INFINITE_RECURSION = YES;
				CLANG_WARN_INT_CONVERSION = YES;
				CLANG_WARN_NON_LITERAL_NULL_CONVERSION = YES;
				CLANG_WARN_OBJC_IMPLICIT_RETAIN_SELF = YES;
				CLANG_WARN_OBJC_LITERAL_CONVERSION = YES;
				CLANG_WARN_OBJC_ROOT_CLASS = YES_ERROR;
				CLANG_WARN_QUOTED_INCLUDE_IN_FRAMEWORK_HEADER = YES;
				CLANG_WARN_RANGE_LOOP_ANALYSIS = YES;
				CLANG_WARN_STRICT_PROTOTYPES = YES;
				CLANG_WARN_SUSPICIOUS_MOVE = YES;
				CLANG_WARN_UNGUARDED_AVAILABILITY = YES_AGGRESSIVE;
				CLANG_WARN_UNREACHABLE_CODE = YES;
				CLANG_WARN__DUPLICATE_METHOD_MATCH = YES;
				COPY_PHASE_STRIP = NO;
				DEAD_CODE_STRIPPING = YES;
				DEBUG_INFORMATION_FORMAT = "dwarf-with-dsym";
				ENABLE_NS_ASSERTIONS = NO;
				ENABLE_STRICT_OBJC_MSGSEND = YES;
				ENABLE_USER_SCRIPT_SANDBOXING = YES;
				GCC_C_LANGUAGE_STANDARD = gnu17;
				GCC_NO_COMMON_BLOCKS = YES;
				GCC_WARN_64_TO_32_BIT_CONVERSION = YES;
				GCC_WARN_ABOUT_RETURN_TYPE = YES_ERROR;
				GCC_WARN_UNDECLARED_SELECTOR = YES;
				GCC_WARN_UNINITIALIZED_AUTOS = YES_AGGRESSIVE;
				GCC_WARN_UNUSED_FUNCTION = YES;
				GCC_WARN_UNUSED_VARIABLE = YES;
				LOCALIZATION_PREFERS_STRING_CATALOGS = YES;
				MTL_ENABLE_DEBUG_INFO = NO;
				MTL_FAST_MATH = YES;
				SWIFT_COMPILATION_MODE = wholemodule;
			};
			name = Release;
		};
		C69945C92B32E8CE008D475F /* Debug */ = {
			isa = XCBuildConfiguration;
			baseConfigurationReference = C6D739F12B49AC4300FC23DC /* Config.xcconfig */;
			buildSettings = {
				ASSETCATALOG_COMPILER_APPICON_NAME = AppIcon;
				ASSETCATALOG_COMPILER_GLOBAL_ACCENT_COLOR_NAME = AccentColor;
				CODE_SIGN_ENTITLEMENTS = App/Resources/Meikade.entitlements;
				CODE_SIGN_STYLE = Automatic;
				CURRENT_PROJECT_VERSION = "$(CONFIG_APP_BUNDLE_VERSION)";
				DEAD_CODE_STRIPPING = YES;
				DEVELOPMENT_TEAM = "$(CONFIG_DEV_TEAM)";
				ENABLE_PREVIEWS = YES;
				GENERATE_INFOPLIST_FILE = YES;
				INFOPLIST_FILE = App/Resources/Info.plist;
				INFOPLIST_KEY_LSApplicationCategoryType = "public.app-category.books";
				"INFOPLIST_KEY_UIApplicationSceneManifest_Generation[sdk=iphoneos*]" = YES;
				"INFOPLIST_KEY_UIApplicationSceneManifest_Generation[sdk=iphonesimulator*]" = YES;
				"INFOPLIST_KEY_UIApplicationSupportsIndirectInputEvents[sdk=iphoneos*]" = YES;
				"INFOPLIST_KEY_UIApplicationSupportsIndirectInputEvents[sdk=iphonesimulator*]" = YES;
				"INFOPLIST_KEY_UILaunchScreen_Generation[sdk=iphoneos*]" = YES;
				"INFOPLIST_KEY_UILaunchScreen_Generation[sdk=iphonesimulator*]" = YES;
				"INFOPLIST_KEY_UIStatusBarStyle[sdk=iphoneos*]" = UIStatusBarStyleDefault;
				"INFOPLIST_KEY_UIStatusBarStyle[sdk=iphonesimulator*]" = UIStatusBarStyleDefault;
				INFOPLIST_KEY_UISupportedInterfaceOrientations = UIInterfaceOrientationPortrait;
				INFOPLIST_KEY_UISupportedInterfaceOrientations_iPad = "UIInterfaceOrientationLandscapeLeft UIInterfaceOrientationLandscapeRight UIInterfaceOrientationPortrait UIInterfaceOrientationPortraitUpsideDown";
				IPHONEOS_DEPLOYMENT_TARGET = 17.0;
				LD_RUNPATH_SEARCH_PATHS = "@executable_path/Frameworks";
				"LD_RUNPATH_SEARCH_PATHS[sdk=macosx*]" = "@executable_path/../Frameworks";
				MACOSX_DEPLOYMENT_TARGET = 14.0;
				MARKETING_VERSION = "$(CONFIG_APP_VERSION)";
				PRODUCT_BUNDLE_IDENTIFIER = "$(CONFIG_BUNDLE_ID)";
				PRODUCT_NAME = "$(CONFIG_APP_NAME)";
				SDKROOT = auto;
				SUPPORTED_PLATFORMS = "iphoneos iphonesimulator macosx xros xrsimulator";
				SUPPORTS_MACCATALYST = NO;
				SWIFT_EMIT_LOC_STRINGS = YES;
				SWIFT_VERSION = 5.0;
				TARGETED_DEVICE_FAMILY = "1,2,7";
				XROS_DEPLOYMENT_TARGET = 1.0;
			};
			name = Debug;
		};
		C69945CA2B32E8CE008D475F /* Release */ = {
			isa = XCBuildConfiguration;
			baseConfigurationReference = C6D739F12B49AC4300FC23DC /* Config.xcconfig */;
			buildSettings = {
				ASSETCATALOG_COMPILER_APPICON_NAME = AppIcon;
				ASSETCATALOG_COMPILER_GLOBAL_ACCENT_COLOR_NAME = AccentColor;
				CODE_SIGN_ENTITLEMENTS = App/Resources/Meikade.entitlements;
				CODE_SIGN_STYLE = Automatic;
				CURRENT_PROJECT_VERSION = "$(CONFIG_APP_BUNDLE_VERSION)";
				DEAD_CODE_STRIPPING = YES;
				DEVELOPMENT_TEAM = "$(CONFIG_DEV_TEAM)";
				ENABLE_PREVIEWS = YES;
				GENERATE_INFOPLIST_FILE = YES;
				INFOPLIST_FILE = App/Resources/Info.plist;
				INFOPLIST_KEY_LSApplicationCategoryType = "public.app-category.books";
				"INFOPLIST_KEY_UIApplicationSceneManifest_Generation[sdk=iphoneos*]" = YES;
				"INFOPLIST_KEY_UIApplicationSceneManifest_Generation[sdk=iphonesimulator*]" = YES;
				"INFOPLIST_KEY_UIApplicationSupportsIndirectInputEvents[sdk=iphoneos*]" = YES;
				"INFOPLIST_KEY_UIApplicationSupportsIndirectInputEvents[sdk=iphonesimulator*]" = YES;
				"INFOPLIST_KEY_UILaunchScreen_Generation[sdk=iphoneos*]" = YES;
				"INFOPLIST_KEY_UILaunchScreen_Generation[sdk=iphonesimulator*]" = YES;
				"INFOPLIST_KEY_UIStatusBarStyle[sdk=iphoneos*]" = UIStatusBarStyleDefault;
				"INFOPLIST_KEY_UIStatusBarStyle[sdk=iphonesimulator*]" = UIStatusBarStyleDefault;
				INFOPLIST_KEY_UISupportedInterfaceOrientations = UIInterfaceOrientationPortrait;
				INFOPLIST_KEY_UISupportedInterfaceOrientations_iPad = "UIInterfaceOrientationLandscapeLeft UIInterfaceOrientationLandscapeRight UIInterfaceOrientationPortrait UIInterfaceOrientationPortraitUpsideDown";
				IPHONEOS_DEPLOYMENT_TARGET = 17.0;
				LD_RUNPATH_SEARCH_PATHS = "@executable_path/Frameworks";
				"LD_RUNPATH_SEARCH_PATHS[sdk=macosx*]" = "@executable_path/../Frameworks";
				MACOSX_DEPLOYMENT_TARGET = 14.0;
				MARKETING_VERSION = "$(CONFIG_APP_VERSION)";
				PRODUCT_BUNDLE_IDENTIFIER = "$(CONFIG_BUNDLE_ID)";
				PRODUCT_NAME = "$(CONFIG_APP_NAME)";
				SDKROOT = auto;
				SUPPORTED_PLATFORMS = "iphoneos iphonesimulator macosx xros xrsimulator";
				SUPPORTS_MACCATALYST = NO;
				SWIFT_EMIT_LOC_STRINGS = YES;
				SWIFT_VERSION = 5.0;
				TARGETED_DEVICE_FAMILY = "1,2,7";
				XROS_DEPLOYMENT_TARGET = 1.0;
			};
			name = Release;
		};
		C6B34B2E2CE884A4009F32F8 /* Debug */ = {
			isa = XCBuildConfiguration;
			buildSettings = {
				BUNDLE_LOADER = "$(TEST_HOST)";
				CODE_SIGN_STYLE = Automatic;
				CURRENT_PROJECT_VERSION = 1;
				GENERATE_INFOPLIST_FILE = YES;
				IPHONEOS_DEPLOYMENT_TARGET = 18.1;
				MACOSX_DEPLOYMENT_TARGET = 15.1;
				MARKETING_VERSION = 1.0;
				PRODUCT_BUNDLE_IDENTIFIER = "$(CONFIG_BUNDLE_ID).tests";
				PRODUCT_NAME = "$(TARGET_NAME)";
				SDKROOT = auto;
				SUPPORTED_PLATFORMS = "iphoneos iphonesimulator macosx xros xrsimulator";
				SWIFT_EMIT_LOC_STRINGS = NO;
				SWIFT_VERSION = 5.0;
				TARGETED_DEVICE_FAMILY = "1,2,7";
				TEST_HOST = "$(BUILT_PRODUCTS_DIR)/Meikade.app/$(BUNDLE_EXECUTABLE_FOLDER_PATH)/Meikade";
				XROS_DEPLOYMENT_TARGET = 2.1;
			};
			name = Debug;
		};
		C6B34B2F2CE884A4009F32F8 /* Release */ = {
			isa = XCBuildConfiguration;
			buildSettings = {
				BUNDLE_LOADER = "$(TEST_HOST)";
				CODE_SIGN_STYLE = Automatic;
				CURRENT_PROJECT_VERSION = 1;
				GENERATE_INFOPLIST_FILE = YES;
				IPHONEOS_DEPLOYMENT_TARGET = 18.1;
				MACOSX_DEPLOYMENT_TARGET = 15.1;
				MARKETING_VERSION = 1.0;
				PRODUCT_BUNDLE_IDENTIFIER = "$(CONFIG_BUNDLE_ID).tests";
				PRODUCT_NAME = "$(TARGET_NAME)";
				SDKROOT = auto;
				SUPPORTED_PLATFORMS = "iphoneos iphonesimulator macosx xros xrsimulator";
				SWIFT_EMIT_LOC_STRINGS = NO;
				SWIFT_VERSION = 5.0;
				TARGETED_DEVICE_FAMILY = "1,2,7";
				TEST_HOST = "$(BUILT_PRODUCTS_DIR)/Meikade.app/$(BUNDLE_EXECUTABLE_FOLDER_PATH)/Meikade";
				XROS_DEPLOYMENT_TARGET = 2.1;
			};
			name = Release;
		};
		C6D73A0B2B49CC3C00FC23DC /* Debug */ = {
			isa = XCBuildConfiguration;
			baseConfigurationReference = C6D739F12B49AC4300FC23DC /* Config.xcconfig */;
			buildSettings = {
				ASSETCATALOG_COMPILER_GLOBAL_ACCENT_COLOR_NAME = AccentColor;
				ASSETCATALOG_COMPILER_WIDGET_BACKGROUND_COLOR_NAME = WidgetBackground;
				CODE_SIGN_ENTITLEMENTS = Widget/Resources/Widget.entitlements;
				CODE_SIGN_STYLE = Automatic;
				CURRENT_PROJECT_VERSION = "$(CONFIG_APP_BUNDLE_VERSION)";
				DEAD_CODE_STRIPPING = YES;
				DEVELOPMENT_TEAM = "$(CONFIG_DEV_TEAM)";
				GENERATE_INFOPLIST_FILE = YES;
				INFOPLIST_FILE = Widget/Resources/Info.plist;
				INFOPLIST_KEY_CFBundleDisplayName = Widget;
				INFOPLIST_KEY_NSHumanReadableCopyright = "";
				IPHONEOS_DEPLOYMENT_TARGET = 17.0;
				LD_RUNPATH_SEARCH_PATHS = (
					"$(inherited)",
					"@executable_path/Frameworks",
					"@executable_path/../../Frameworks",
				);
				"LD_RUNPATH_SEARCH_PATHS[sdk=macosx*]" = (
					"$(inherited)",
					"@executable_path/../Frameworks",
					"@executable_path/../../../../Frameworks",
				);
				MACOSX_DEPLOYMENT_TARGET = 14.0;
				MARKETING_VERSION = "$(CONFIG_APP_VERSION)";
				PRODUCT_BUNDLE_IDENTIFIER = "$(CONFIG_BUNDLE_ID).Widget";
				PRODUCT_NAME = "$(CONFIG_WIDGET_NAME)";
				SDKROOT = auto;
				SKIP_INSTALL = YES;
				SUPPORTED_PLATFORMS = "iphoneos iphonesimulator macosx";
				SWIFT_EMIT_LOC_STRINGS = YES;
				SWIFT_VERSION = 5.0;
				TARGETED_DEVICE_FAMILY = "1,2";
			};
			name = Debug;
		};
		C6D73A0C2B49CC3C00FC23DC /* Release */ = {
			isa = XCBuildConfiguration;
			baseConfigurationReference = C6D739F12B49AC4300FC23DC /* Config.xcconfig */;
			buildSettings = {
				ASSETCATALOG_COMPILER_GLOBAL_ACCENT_COLOR_NAME = AccentColor;
				ASSETCATALOG_COMPILER_WIDGET_BACKGROUND_COLOR_NAME = WidgetBackground;
				CODE_SIGN_ENTITLEMENTS = Widget/Resources/Widget.entitlements;
				CODE_SIGN_STYLE = Automatic;
				CURRENT_PROJECT_VERSION = "$(CONFIG_APP_BUNDLE_VERSION)";
				DEAD_CODE_STRIPPING = YES;
				DEVELOPMENT_TEAM = "$(CONFIG_DEV_TEAM)";
				GENERATE_INFOPLIST_FILE = YES;
				INFOPLIST_FILE = Widget/Resources/Info.plist;
				INFOPLIST_KEY_CFBundleDisplayName = Widget;
				INFOPLIST_KEY_NSHumanReadableCopyright = "";
				IPHONEOS_DEPLOYMENT_TARGET = 17.0;
				LD_RUNPATH_SEARCH_PATHS = (
					"$(inherited)",
					"@executable_path/Frameworks",
					"@executable_path/../../Frameworks",
				);
				"LD_RUNPATH_SEARCH_PATHS[sdk=macosx*]" = (
					"$(inherited)",
					"@executable_path/../Frameworks",
					"@executable_path/../../../../Frameworks",
				);
				MACOSX_DEPLOYMENT_TARGET = 14.0;
				MARKETING_VERSION = "$(CONFIG_APP_VERSION)";
				PRODUCT_BUNDLE_IDENTIFIER = "$(CONFIG_BUNDLE_ID).Widget";
				PRODUCT_NAME = "$(CONFIG_WIDGET_NAME)";
				SDKROOT = auto;
				SKIP_INSTALL = YES;
				SUPPORTED_PLATFORMS = "iphoneos iphonesimulator macosx";
				SWIFT_EMIT_LOC_STRINGS = YES;
				SWIFT_VERSION = 5.0;
				TARGETED_DEVICE_FAMILY = "1,2";
			};
			name = Release;
		};
/* End XCBuildConfiguration section */

/* Begin XCConfigurationList section */
		C68C0FB22C43003C0098DC34 /* Build configuration list for PBXNativeTarget "Watch App" */ = {
			isa = XCConfigurationList;
			buildConfigurations = (
				C68C0FB02C43003C0098DC34 /* Debug */,
				C68C0FB12C43003C0098DC34 /* Release */,
			);
			defaultConfigurationIsVisible = 0;
			defaultConfigurationName = Release;
		};
		C69945B42B32E8CD008D475F /* Build configuration list for PBXProject "Meikade" */ = {
			isa = XCConfigurationList;
			buildConfigurations = (
				C69945C62B32E8CE008D475F /* Debug */,
				C69945C72B32E8CE008D475F /* Release */,
			);
			defaultConfigurationIsVisible = 0;
			defaultConfigurationName = Release;
		};
		C69945C82B32E8CE008D475F /* Build configuration list for PBXNativeTarget "Meikade" */ = {
			isa = XCConfigurationList;
			buildConfigurations = (
				C69945C92B32E8CE008D475F /* Debug */,
				C69945CA2B32E8CE008D475F /* Release */,
			);
			defaultConfigurationIsVisible = 0;
			defaultConfigurationName = Release;
		};
		C6B34B2D2CE884A4009F32F8 /* Build configuration list for PBXNativeTarget "MeikadeTests" */ = {
			isa = XCConfigurationList;
			buildConfigurations = (
				C6B34B2E2CE884A4009F32F8 /* Debug */,
				C6B34B2F2CE884A4009F32F8 /* Release */,
			);
			defaultConfigurationIsVisible = 0;
			defaultConfigurationName = Release;
		};
		C6D73A0A2B49CC3C00FC23DC /* Build configuration list for PBXNativeTarget "WidgetExtension" */ = {
			isa = XCConfigurationList;
			buildConfigurations = (
				C6D73A0B2B49CC3C00FC23DC /* Debug */,
				C6D73A0C2B49CC3C00FC23DC /* Release */,
			);
			defaultConfigurationIsVisible = 0;
			defaultConfigurationName = Release;
		};
/* End XCConfigurationList section */

/* Begin XCRemoteSwiftPackageReference section */
		C660DD4D2B57094600CEAE55 /* XCRemoteSwiftPackageReference "MuzeiSwiftAPI" */ = {
			isa = XCRemoteSwiftPackageReference;
			repositoryURL = "https://github.com/Rminsh/MuzeiSwiftAPI.git";
			requirement = {
				kind = upToNextMajorVersion;
				minimumVersion = 1.0.0;
			};
		};
		C67CCE622B4F377D002B358B /* XCRemoteSwiftPackageReference "RichTextKit" */ = {
			isa = XCRemoteSwiftPackageReference;
			repositoryURL = "https://github.com/danielsaidi/RichTextKit";
			requirement = {
				kind = upToNextMajorVersion;
				minimumVersion = 1.1.1;
			};
		};
		C69945E92B334B26008D475F /* XCRemoteSwiftPackageReference "Nuke" */ = {
			isa = XCRemoteSwiftPackageReference;
			repositoryURL = "https://github.com/kean/Nuke/";
			requirement = {
				kind = upToNextMajorVersion;
				minimumVersion = 12.8.0;
			};
		};
/* End XCRemoteSwiftPackageReference section */

/* Begin XCSwiftPackageProductDependency section */
		C660DD4E2B57094600CEAE55 /* MuzeiSwiftAPI */ = {
			isa = XCSwiftPackageProductDependency;
			package = C660DD4D2B57094600CEAE55 /* XCRemoteSwiftPackageReference "MuzeiSwiftAPI" */;
			productName = MuzeiSwiftAPI;
		};
		C67CCE632B4F377D002B358B /* RichTextKit */ = {
			isa = XCSwiftPackageProductDependency;
			package = C67CCE622B4F377D002B358B /* XCRemoteSwiftPackageReference "RichTextKit" */;
			productName = RichTextKit;
		};
		C69945EA2B334B26008D475F /* Nuke */ = {
			isa = XCSwiftPackageProductDependency;
			package = C69945E92B334B26008D475F /* XCRemoteSwiftPackageReference "Nuke" */;
			productName = Nuke;
		};
		C69945EC2B334B26008D475F /* NukeExtensions */ = {
			isa = XCSwiftPackageProductDependency;
			package = C69945E92B334B26008D475F /* XCRemoteSwiftPackageReference "Nuke" */;
			productName = NukeExtensions;
		};
		C69945EE2B334B26008D475F /* NukeUI */ = {
			isa = XCSwiftPackageProductDependency;
			package = C69945E92B334B26008D475F /* XCRemoteSwiftPackageReference "Nuke" */;
			productName = NukeUI;
		};
		C6A5E5362C445468001A00C9 /* Nuke */ = {
			isa = XCSwiftPackageProductDependency;
			package = C69945E92B334B26008D475F /* XCRemoteSwiftPackageReference "Nuke" */;
			productName = Nuke;
		};
		C6A5E5382C445468001A00C9 /* NukeUI */ = {
			isa = XCSwiftPackageProductDependency;
			package = C69945E92B334B26008D475F /* XCRemoteSwiftPackageReference "Nuke" */;
			productName = NukeUI;
		};
		C6A5E53A2C4454B3001A00C9 /* RichTextKit */ = {
			isa = XCSwiftPackageProductDependency;
			package = C67CCE622B4F377D002B358B /* XCRemoteSwiftPackageReference "RichTextKit" */;
			productName = RichTextKit;
		};
/* End XCSwiftPackageProductDependency section */
	};
	rootObject = C69945B12B32E8CD008D475F /* Project object */;
}
